# platform: win-64
# env_hash: 03d297b455365e74ba0a553f61c7af8217adbed7d98e85fb78595439dcd75a48
@EXPLICIT
https://conda.anaconda.org/conda-forge/win-64/ca-certificates-2020.12.5-h5b45459_0.tar.bz2#f36a2988a9f57cffdc43929ba67a3a2a
https://conda.anaconda.org/conda-forge/win-64/intel-openmp-2020.3-h57928b3_311.tar.bz2#361a51c98a0cb06415bd3f9d3bbb5778
https://repo.anaconda.com/pkgs/msys2/win-64/msys2-conda-epoch-20160418-1.tar.bz2#6eaef3074f65f715ed1ca6b8a08be3aa
https://conda.anaconda.org/conda-forge/win-64/pandoc-2.11.2-h8ffe710_0.tar.bz2#c851ffee6cf05f784fab5d2f3faee63c
https://conda.anaconda.org/conda-forge/win-64/vs2015_runtime-14.16.27012-h30e32a0_2.tar.bz2#37a0bcc72c5e97f5602dca37eb3f8314
https://conda.anaconda.org/conda-forge/win-64/winpty-0.4.3-4.tar.bz2#1cee351bf20b830d991dbe0bc8cd7dfe
https://repo.anaconda.com/pkgs/msys2/win-64/m2w64-gmp-6.1.0-2.tar.bz2#fec04371463ec68eb8f5752a22c5b030
https://repo.anaconda.com/pkgs/msys2/win-64/m2w64-libwinpthread-git-5.0.0.4634.697f757-2.tar.bz2#67e61e700eb27424979778fae9293f13
https://conda.anaconda.org/conda-forge/win-64/mkl-2020.4-hb70f87d_311.tar.bz2#eb823c8b41ecf9cd5f08baea1b32e4ef
https://conda.anaconda.org/conda-forge/win-64/vc-14.1-h869be7e_1.tar.bz2#4fae57303daa91367eca263374e4a638
https://conda.anaconda.org/conda-forge/win-64/blosc-1.20.1-h0e60522_0.tar.bz2#39633c5dcf7be91a0640e1f6fccddeac
https://conda.anaconda.org/conda-forge/win-64/brotli-1.0.9-ha925a31_3.tar.bz2#5ff6aa4432d190430fc9a60d6360df86
https://conda.anaconda.org/conda-forge/win-64/bzip2-1.0.8-h8ffe710_4.tar.bz2#7c03c66026944073040cb19a4f3ec3c9
https://conda.anaconda.org/conda-forge/win-64/charls-2.1.0-h39d44d4_2.tar.bz2#89dc10185a0c2532bf7f1563d737aba3
https://conda.anaconda.org/conda-forge/win-64/double-conversion-3.1.5-h6538335_2.tar.bz2#af024ffd7d7d6c6877bce9efd3af2bf7
https://conda.anaconda.org/conda-forge/win-64/expat-2.2.9-h33f27b4_2.tar.bz2#750dfd46b7ca05e591c71d3dbc971205
https://conda.anaconda.org/conda-forge/win-64/giflib-5.2.1-h8d14728_2.tar.bz2#c577cd3be126d95e9a05ee5aa9d2875b
https://conda.anaconda.org/conda-forge/win-64/glew-2.1.0-h39d44d4_2.tar.bz2#840d21c1ee66b91af3d0211e7766393a
https://conda.anaconda.org/conda-forge/win-64/icu-67.1-h33f27b4_0.tar.bz2#5d62a30cbc94d056111061cef174c491
https://conda.anaconda.org/conda-forge/win-64/jpeg-9d-h8ffe710_0.tar.bz2#9335a1b24eefef6075f4c02a03baf27a
https://conda.anaconda.org/conda-forge/win-64/jsoncpp-1.8.4-h1ad3211_1002.tar.bz2#3b5fb5e5bc83a9ffc1852a32e6da4693
https://conda.anaconda.org/conda-forge/win-64/jxrlib-1.1-h8ffe710_2.tar.bz2#69f82948e102dc14928619140c29468d
https://conda.anaconda.org/conda-forge/win-64/lerc-2.2-h0e60522_0.tar.bz2#340e92013695f7d184acd0772cd34a43
https://conda.anaconda.org/conda-forge/win-64/libaec-1.0.4-h39d44d4_1.tar.bz2#6a35bd17a3db8f3a12a2a30ef0dc60d4
https://conda.anaconda.org/conda-forge/win-64/libblas-3.8.0-21_mkl.tar.bz2#b8ba9c59e6762dbbc262ddda59a25e2c
https://conda.anaconda.org/conda-forge/win-64/libclang-10.0.1-default_hf44288c_1.tar.bz2#31398d417816eb1867f312458623ec14
https://conda.anaconda.org/conda-forge/win-64/libiconv-1.16-he774522_0.tar.bz2#bdfeadc9348e4d9fbe4821e81bf8f221
https://conda.anaconda.org/conda-forge/win-64/libogg-1.3.4-h8ffe710_0.tar.bz2#a4bc8b7f4603fdf698b9e3febc27b30a
https://conda.anaconda.org/conda-forge/win-64/libsodium-1.0.18-h8d14728_1.tar.bz2#5c1fb45b5e2912c19098750ae8a32604
https://conda.anaconda.org/conda-forge/win-64/libwebp-base-1.1.0-h8ffe710_3.tar.bz2#8e622d4dc5bb765fba17cac6d8fbfa28
https://conda.anaconda.org/conda-forge/win-64/libzopfli-1.0.3-h0e60522_0.tar.bz2#b4b0cbc0abc9f26b730231ffdabf3881
https://conda.anaconda.org/conda-forge/win-64/lz4-c-1.9.2-h62dcd97_2.tar.bz2#a90475bc5d6e86b41360b614b20aa973
https://repo.anaconda.com/pkgs/msys2/win-64/m2w64-gcc-libs-core-5.3.0-7.tar.bz2#276d396bfe8d958f71173b7134f739fa
https://conda.anaconda.org/conda-forge/win-64/openssl-1.1.1h-he774522_0.tar.bz2#21844b16355ef8faa21fca97794d6825
https://conda.anaconda.org/conda-forge/win-64/pugixml-1.10-ha925a31_1.tar.bz2#1abd67f72577ea9d765ccabcc2390c8b
https://conda.anaconda.org/conda-forge/win-64/snappy-1.1.8-ha925a31_3.tar.bz2#e227e973dec9f437b28b24f9f0e5f7fe
https://conda.anaconda.org/conda-forge/win-64/sqlite-3.34.0-h8ffe710_0.tar.bz2#0887d420b945a5342cd03429d475658c
https://conda.anaconda.org/conda-forge/win-64/tk-8.6.10-he774522_1.tar.bz2#34a906fb55a5f0820d87b93da4dbb596
https://conda.anaconda.org/conda-forge/win-64/xz-5.2.5-h62dcd97_1.tar.bz2#eabcbfedd14d7c18a514afca09ea0ebb
https://conda.anaconda.org/conda-forge/win-64/yaml-0.2.5-he774522_0.tar.bz2#d41c34441d8bbb6d141e691ae7bccf35
https://conda.anaconda.org/conda-forge/win-64/zfp-0.5.5-h0e60522_4.tar.bz2#65f2b475fd45417ce2c116e43add3fb2
https://conda.anaconda.org/conda-forge/win-64/zlib-1.2.11-h62dcd97_1010.tar.bz2#a4cdf389c5f73e60a0ca121ff77c22a9
https://conda.anaconda.org/conda-forge/win-64/hdf4-4.2.13-h0e5069d_1004.tar.bz2#560b7afe9baf32865dbf51b775e79b4b
https://conda.anaconda.org/conda-forge/win-64/krb5-1.17.2-hbae68bd_0.tar.bz2#36781bd85367e21cda881c9a5212ea9c
https://conda.anaconda.org/conda-forge/win-64/libcblas-3.8.0-21_mkl.tar.bz2#b34f80f184366e1cdb4ba867bd45f609
https://conda.anaconda.org/conda-forge/win-64/liblapack-3.8.0-21_mkl.tar.bz2#6ef6b80f1f7db5cc345b9e4336798ac6
https://conda.anaconda.org/conda-forge/win-64/libpng-1.6.37-h1d00b33_2.tar.bz2#005ddb14b8f876ed6a85b76dfc9892db
https://conda.anaconda.org/conda-forge/win-64/libprotobuf-3.13.0.1-h200bbdf_0.tar.bz2#d9b0f62ba8b0355256a3e741f906ce68
https://conda.anaconda.org/conda-forge/win-64/libssh2-1.9.0-hb06d900_5.tar.bz2#d98a41c806a42bffd8b05a2e6f1132f1
https://conda.anaconda.org/conda-forge/win-64/libtheora-1.1.1-h62dcd97_1004.tar.bz2#a7a4d5afb35a3d64e3d3a8dc4744a889
https://conda.anaconda.org/conda-forge/win-64/libxml2-2.9.10-h1006b36_2.tar.bz2#9392b3214cbdde0d9e64f83915f91d45
https://repo.anaconda.com/pkgs/msys2/win-64/m2w64-gcc-libgfortran-5.3.0-6.tar.bz2#de1b7f7c8221028f6bbe103df4c53bed
https://conda.anaconda.org/conda-forge/win-64/python-3.7.9-h7840368_0_cpython.tar.bz2#5ca79ee9f34ec56ec44388bc7d209e7e
https://conda.anaconda.org/conda-forge/win-64/zeromq-4.3.3-h0e60522_3.tar.bz2#3f14354fbaa50a70595d6d1a54292996
https://conda.anaconda.org/conda-forge/win-64/zstd-1.4.5-h1f3a1b7_2.tar.bz2#b35d995f210429648e920844701b57a9
https://conda.anaconda.org/conda-forge/noarch/apipkg-1.5-py_0.tar.bz2#4e79696efff4eae6cbcbeddbb5bbb5ee
https://conda.anaconda.org/conda-forge/noarch/array_split-0.5.2-pyh95af2a2_0.tar.bz2#63dbfd2117015403fd4b51dd361b0d17
https://conda.anaconda.org/conda-forge/noarch/async_generator-1.10-py_0.tar.bz2#d56c596e61b1c4952acf0a9920856c12
https://conda.anaconda.org/conda-forge/noarch/atomicwrites-1.4.0-pyh9f0ad1d_0.tar.bz2#5e36230ffaf3b7bb599424592684ae53
https://conda.anaconda.org/conda-forge/noarch/attrs-20.3.0-pyhd3deb0d_0.tar.bz2#5b319abb055eefcfa344bc21378ca23f
https://conda.anaconda.org/conda-forge/noarch/backports-1.0-py_2.tar.bz2#0da16b293affa6ac31812376f8eb79dd
https://conda.anaconda.org/conda-forge/noarch/cached-property-1.5.1-py_0.tar.bz2#a5773589b22d6d4f6201fb7c261bf77f
https://conda.anaconda.org/conda-forge/noarch/click-7.1.2-pyh9f0ad1d_0.tar.bz2#bd50a970ce07e660c319fdc4d730d3f1
https://conda.anaconda.org/conda-forge/noarch/cloudpickle-1.6.0-py_0.tar.bz2#76d764d8881719e305f6fa368dc2b65e
https://conda.anaconda.org/conda-forge/noarch/colorama-0.4.4-pyh9f0ad1d_0.tar.bz2#c08b4c1326b880ed44f3ffb04803332f
https://conda.anaconda.org/conda-forge/noarch/constantly-15.1.0-py_0.tar.bz2#6cc019fc01a1e9ea7eb0bfccfc6c9d2d
https://conda.anaconda.org/conda-forge/noarch/decorator-4.4.2-py_0.tar.bz2#d2eabb9cabd212e1ec6a9463bd846243
https://conda.anaconda.org/conda-forge/noarch/defusedxml-0.6.0-py_0.tar.bz2#37e1033daee0e2edaa5ff42584c52b21
https://conda.anaconda.org/conda-forge/noarch/entrypoints-0.3-pyhd8ed1ab_1003.tar.bz2#bbf9a201f6ce99a506f4955374d9a9f4
https://conda.anaconda.org/conda-forge/noarch/flatdict-4.0.1-pyh9f0ad1d_0.tar.bz2#3df3b7f4ed0149076b87bfd23ceb63ea
https://conda.anaconda.org/conda-forge/win-64/freetype-2.10.4-h546665d_0.tar.bz2#ff064b199df93841b871a5c1f600e47c
https://conda.anaconda.org/conda-forge/noarch/fsspec-0.8.4-py_0.tar.bz2#9bc8332e90f8a54d38caf488f784bd85
https://conda.anaconda.org/conda-forge/win-64/gl2ps-1.4.2-h0597ee9_0.tar.bz2#9f17f1b93f610b4bea2a256d528fe8f6
https://conda.anaconda.org/conda-forge/noarch/heapdict-1.0.1-py_0.tar.bz2#77242bfb1e74a627fb06319b5a2d3b95
https://conda.anaconda.org/conda-forge/noarch/idna-2.10-pyh9f0ad1d_0.tar.bz2#f95a12b4f435aae6680fe55ae2eb1b06
https://conda.anaconda.org/conda-forge/noarch/incremental-17.5.0-py_0.tar.bz2#893135cf399e206eaa192e437a61bef9
https://conda.anaconda.org/conda-forge/noarch/iniconfig-1.1.1-pyh9f0ad1d_0.tar.bz2#39161f81cc5e5ca45b8226fbb06c6905
https://conda.anaconda.org/conda-forge/noarch/ipython_genutils-0.2.0-py_1.tar.bz2#5071c982548b3a20caf70462f04f5287
https://conda.anaconda.org/conda-forge/win-64/libcurl-7.71.1-h4b64cdc_8.tar.bz2#47468949c81228d0f8a492a124688221
https://conda.anaconda.org/conda-forge/win-64/libtiff-4.1.0-hc10be44_6.tar.bz2#a9dcdf2d500c7ae524a58d4249a0197a
https://conda.anaconda.org/conda-forge/noarch/locket-0.2.0-py_2.tar.bz2#709e8671651c7ec3d1ad07800339ff1d
https://repo.anaconda.com/pkgs/msys2/win-64/m2w64-gcc-libs-5.3.0-7.tar.bz2#0b9caac6747002340b057a222af705b2
https://conda.anaconda.org/conda-forge/noarch/more-itertools-8.6.0-pyhd8ed1ab_0.tar.bz2#980af7a97980ad4cc867b3c1fad782e7
https://conda.anaconda.org/conda-forge/noarch/mpmath-1.1.0-py_0.tar.bz2#710eeb108dbbbb96d38f9cde359f6a94
https://conda.anaconda.org/conda-forge/noarch/nest-asyncio-1.4.3-pyhd8ed1ab_0.tar.bz2#a1f2fda4d88c624810bf2029aa4c0827
https://conda.anaconda.org/conda-forge/noarch/olefile-0.46-pyh9f0ad1d_1.tar.bz2#0b2e68acc8c78c8cc392b90983481f58
https://conda.anaconda.org/conda-forge/noarch/pandocfilters-1.4.2-py_1.tar.bz2#ba6f4a308f1ea22abe1d72e72544af76
https://conda.anaconda.org/conda-forge/noarch/pickleshare-0.7.5-py_1003.tar.bz2#415f0ebb6198cc2801c73438a9fb5761
https://conda.anaconda.org/conda-forge/noarch/prometheus_client-0.9.0-pyhd3deb0d_0.tar.bz2#c7af95daf5bae22ead34151e0ab9d041
https://conda.anaconda.org/conda-forge/noarch/py-1.9.0-pyh9f0ad1d_0.tar.bz2#82beb69c4e05d65702bbde3c63d6ef58
https://conda.anaconda.org/conda-forge/noarch/pyasn1-0.4.8-py_0.tar.bz2#06d04c9f8f72ac77911db942eda24fb9
https://conda.anaconda.org/conda-forge/noarch/pycodestyle-2.6.0-pyh9f0ad1d_0.tar.bz2#a08d6f5a610c7194da158add79f2b018
https://conda.anaconda.org/conda-forge/noarch/pycparser-2.20-pyh9f0ad1d_2.tar.bz2#aa798d50ffd182a0f6f31478c7f434f6
https://conda.anaconda.org/conda-forge/noarch/pyhamcrest-2.0.2-py_0.tar.bz2#008bcb771d03dcd79b3585fa483d144f
https://conda.anaconda.org/conda-forge/noarch/pyparsing-2.4.7-pyh9f0ad1d_0.tar.bz2#626c4f20d5bf06dcec9cf2eaa31725c7
https://conda.anaconda.org/conda-forge/win-64/python_abi-3.7-1_cp37m.tar.bz2#bb3afff19e4ba0165a5f645aa8704717
https://conda.anaconda.org/conda-forge/noarch/pytz-2020.4-pyhd8ed1ab_0.tar.bz2#14aefc827cbbd156cb1bd9e992210380
https://conda.anaconda.org/conda-forge/win-64/qt-5.12.9-hb2cf2c5_0.tar.bz2#f8cb783ce34b7c820ce436d66b0c5d38
https://conda.anaconda.org/conda-forge/noarch/qtpy-1.9.0-py_0.tar.bz2#ab75b0ea90d2621e1924b824e2f395ee
https://conda.anaconda.org/conda-forge/noarch/send2trash-1.5.0-py_0.tar.bz2#c3779037a635e1150f1c53c28b875949
https://conda.anaconda.org/conda-forge/noarch/simplegeneric-0.8.1-py_1.tar.bz2#a561caf8601e8d85547c77a54ee99333
https://conda.anaconda.org/conda-forge/noarch/six-1.15.0-pyh9f0ad1d_0.tar.bz2#1eec421f0f1f39e579e44e4a5ce646a2
https://conda.anaconda.org/conda-forge/noarch/smmap-3.0.4-pyh9f0ad1d_0.tar.bz2#102f29e2015d9311c86996a20ce866ae
https://conda.anaconda.org/conda-forge/noarch/sortedcontainers-2.3.0-pyhd8ed1ab_0.tar.bz2#2f5b87cd0bdf1822b62e40909f471db4
https://conda.anaconda.org/conda-forge/noarch/tblib-1.6.0-py_0.tar.bz2#0e1562c39e804e0d7df8650626379caa
https://conda.anaconda.org/conda-forge/noarch/termcolor-1.1.0-py_2.tar.bz2#c7fd66fedfff76bfe477c6f33c96d83a
https://conda.anaconda.org/conda-forge/noarch/testpath-0.4.4-py_0.tar.bz2#3b98fff4d5342bebde2ecaa314f796f9
https://conda.anaconda.org/conda-forge/noarch/toml-0.10.2-pyhd8ed1ab_0.tar.bz2#f832c45a477c78bebd107098db465095
https://conda.anaconda.org/conda-forge/noarch/toolz-0.11.1-py_0.tar.bz2#d1e66b58cb00b3817ad9f05eec098c00
https://conda.anaconda.org/conda-forge/noarch/tqdm-4.54.1-pyhd8ed1ab_0.tar.bz2#7b03d52227ac839ae00f94fee1a75074
https://conda.anaconda.org/conda-forge/noarch/typing_extensions-3.7.4.3-py_0.tar.bz2#12b96e382730541a4b332420227055ae
https://conda.anaconda.org/conda-forge/noarch/webencodings-0.5.1-py_1.tar.bz2#3563be4c5611a44210d9ba0c16113136
https://conda.anaconda.org/conda-forge/noarch/wheel-0.36.1-pyhd3deb0d_0.tar.bz2#c6ed1f08b1fdc10511b90245b87dc504
https://conda.anaconda.org/conda-forge/noarch/zipp-3.4.0-py_0.tar.bz2#0df927d2e46244cef8fd75d7ec2ba51c
https://conda.anaconda.org/conda-forge/noarch/automat-20.2.0-py_0.tar.bz2#0931a4f6f2a28ab4af8316027142a295
https://conda.anaconda.org/conda-forge/win-64/certifi-2020.12.5-py37h03978a9_0.tar.bz2#bd6ad6d809bbe7b034d4b468e49ed247
https://conda.anaconda.org/conda-forge/win-64/cffi-1.14.4-py37hd8e9650_1.tar.bz2#0e1f891281599a450244f7e02966e54f
https://conda.anaconda.org/conda-forge/win-64/chardet-3.0.4-py37hf50a25e_1008.tar.bz2#5f08c251d2878ff6b182162cfdb6b545
https://conda.anaconda.org/conda-forge/win-64/coverage-5.3-py37h4ab8f01_1.tar.bz2#5c96e34d60900be6d73e137c30de3290
https://conda.anaconda.org/conda-forge/win-64/curl-7.71.1-h4b64cdc_8.tar.bz2#267ca21178cb1f36ee871ed1a630322b
https://conda.anaconda.org/conda-forge/noarch/cycler-0.10.0-py_2.tar.bz2#f6d7c7e6d8f42cbbec7e07a8d879f91c
https://conda.anaconda.org/conda-forge/win-64/cytoolz-0.11.0-py37hcc03f2d_1.tar.bz2#92d0ec51d3da80fa70920d2faf16c058
https://conda.anaconda.org/conda-forge/noarch/docrep-0.2.7-py_0.tar.bz2#7a8411a58c16dffe32424251e62e3149
https://conda.anaconda.org/conda-forge/noarch/execnet-1.7.1-py_0.tar.bz2#b68d9d4464296840b68761d21487172a
https://conda.anaconda.org/conda-forge/noarch/gitdb-4.0.5-py_0.tar.bz2#94c135f9db6e89c6a848d3f7ae2cc66b
https://conda.anaconda.org/conda-forge/win-64/hdf5-1.10.6-nompi_h5268f04_1112.tar.bz2#1d1328a93145ce1c5d20add950082e4e
https://conda.anaconda.org/conda-forge/noarch/hyperlink-20.0.1-pyh9f0ad1d_0.tar.bz2#b25da0ef0e031a4b5904337026b4b289
https://conda.anaconda.org/conda-forge/noarch/importlib-metadata-3.1.1-pyhd8ed1ab_0.tar.bz2#e22162ed945059586d1b6b603d07c48e
https://conda.anaconda.org/conda-forge/win-64/kiwisolver-1.3.1-py37h8c56517_0.tar.bz2#d37fb7ca24c49d0f7c58c486ac51b24c
https://conda.anaconda.org/conda-forge/win-64/lcms2-2.11-h6a326e1_1.tar.bz2#9abb3f218955d87c35246add5e256d15
https://conda.anaconda.org/conda-forge/win-64/llvmlite-0.35.0-py37habb0c8c_0.tar.bz2#beab1e59426bd536ae17295572fdd8a6
https://conda.anaconda.org/conda-forge/win-64/markupsafe-1.1.1-py37h0013d47_2.tar.bz2#64d8ab6d9e0694854e56ac2ae5171c78
https://conda.anaconda.org/conda-forge/win-64/mistune-0.8.4-py37hcc03f2d_1002.tar.bz2#68f4f038551b4f6119361d43994b7531
https://conda.anaconda.org/conda-forge/win-64/mkl-service-2.3.0-py37h4ab8f01_2.tar.bz2#6854d59d602dc567e04cb1986b58fd8a
https://conda.anaconda.org/conda-forge/win-64/msgpack-python-1.0.0-py37h8c56517_2.tar.bz2#efa1f896f039468fa39afad6452c05f3
https://conda.anaconda.org/conda-forge/win-64/numpy-1.19.4-py37hd20adf4_1.tar.bz2#8e6212fc58b8b1688e682de83f17312e
https://conda.anaconda.org/conda-forge/win-64/openjpeg-2.3.1-h48faf41_3.tar.bz2#b5d0bf11d2730fd7937865e9d077b7b2
https://conda.anaconda.org/conda-forge/noarch/packaging-20.7-pyhd3deb0d_0.tar.bz2#0bc8af3dd7a02bd106cd05ac35007309
https://conda.anaconda.org/conda-forge/noarch/partd-1.1.0-py_0.tar.bz2#4afbf2cdf4e6ad279080d3adb5cefaae
https://conda.anaconda.org/conda-forge/win-64/pillow-8.0.1-py37hdec93a9_0.tar.bz2#6640cae59933e19a2296de7930db696d
https://conda.anaconda.org/conda-forge/win-64/psutil-5.7.3-py37h0013d47_0.tar.bz2#015669286e0ee1a3f7f25ca17a04e0a7
https://conda.anaconda.org/conda-forge/noarch/pyasn1-modules-0.2.7-py_0.tar.bz2#ad1e886d09700b2304975335f714bd9c
https://conda.anaconda.org/conda-forge/win-64/pyqt5-sip-4.19.18-py37hf2a7229_6.tar.bz2#35e31bec97fe2280b434de57d6be8ff2
https://conda.anaconda.org/conda-forge/win-64/pyreadline-2.1-py37hc8dfbb8_1002.tar.bz2#2efddf356fc160226db235b453904ea6
https://conda.anaconda.org/conda-forge/win-64/pyrsistent-0.17.3-py37hcc03f2d_1.tar.bz2#78c0e33935aae482c373062e3964af28
https://conda.anaconda.org/conda-forge/noarch/python-dateutil-2.8.1-py_0.tar.bz2#0d0150ed9c2d25817f5324108d3f7571
https://conda.anaconda.org/conda-forge/noarch/python-utils-2.4.0-py_0.tar.bz2#ecbb1d56686f4d2064b8851f7ef9a6e6
https://conda.anaconda.org/conda-forge/win-64/pywin32-228-py37h4ab8f01_0.tar.bz2#9a72f998a430c17746e6f49bb71baf64
https://conda.anaconda.org/conda-forge/win-64/pywinpty-0.5.7-py37hc8dfbb8_1.tar.bz2#444e46826f687355650f235b64e6a9a4
https://conda.anaconda.org/conda-forge/win-64/pyyaml-5.3.1-py37h0013d47_1.tar.bz2#3f8b893c8d008d13162339b7f8a5fa46
https://conda.anaconda.org/conda-forge/win-64/pyzmq-20.0.0-py37h0d95fc2_1.tar.bz2#f6b60a7a50b543dd00703c02eef5a348
https://conda.anaconda.org/conda-forge/win-64/sympy-1.7-py37h03978a9_1.tar.bz2#e480b1469c1c0aeec6ffb5a184a5060d
https://conda.anaconda.org/conda-forge/noarch/terminaltables-3.1.0-py_0.tar.bz2#4fc8bb7e1f4a025650b8bef923525345
https://conda.anaconda.org/conda-forge/win-64/tornado-6.1-py37hcc03f2d_0.tar.bz2#7a6b95e04c44dcc65e7d4285feda3916
https://conda.anaconda.org/conda-forge/noarch/traitlets-5.0.5-py_0.tar.bz2#99618ee9ab1323e40f231acdab92fe60
https://conda.anaconda.org/conda-forge/win-64/win_inet_pton-1.1.0-py37hc8dfbb8_1.tar.bz2#7b140221832fcfd6f0498666224d42de
https://conda.anaconda.org/conda-forge/win-64/wincertstore-0.2-py37hc8dfbb8_1005.tar.bz2#855f7223d20e6fb4388548bd580d3355
https://conda.anaconda.org/conda-forge/noarch/zict-2.0.0-py_0.tar.bz2#4750152be22f24d695b3004c5e1712d3
https://conda.anaconda.org/conda-forge/win-64/argon2-cffi-20.1.0-py37hcc03f2d_2.tar.bz2#2defb4e736e12c589d517af111b4177e
https://conda.anaconda.org/conda-forge/win-64/brotlipy-0.7.0-py37h0013d47_1001.tar.bz2#739b506e180ff8f16ba22f2704fca7c3
https://conda.anaconda.org/conda-forge/win-64/cgns-4.1.2-h06b8a9c_0.tar.bz2#39e9b798c1bc6ba099c9a11bebebfe7f
https://conda.anaconda.org/conda-forge/win-64/cryptography-3.3.1-py37hd8e9650_0.tar.bz2#11cefe7f74ab80a2adef2949ebdca4ef
https://conda.anaconda.org/conda-forge/noarch/dask-core-2.30.0-py_0.tar.bz2#64d3972a069d9885b2fbfb2485934c30
https://conda.anaconda.org/conda-forge/win-64/edt-2.0.2-py37h8c56517_0.tar.bz2#e4ef4e7ecb6bb62964b52e14767b2e50
https://conda.anaconda.org/conda-forge/noarch/gitpython-3.1.11-py_0.tar.bz2#4b723fdb7778db332faa8f2613fe6bf3
https://conda.anaconda.org/conda-forge/win-64/h5py-3.1.0-nompi_py37h19fda09_100.tar.bz2#169697f426014c94069c5e422a8ad30b
https://conda.anaconda.org/conda-forge/win-64/imagecodecs-2020.5.30-py37hc968386_4.tar.bz2#9d19888f16e46705feca03bbd049d7bc
https://conda.anaconda.org/conda-forge/noarch/imageio-2.9.0-py_0.tar.bz2#62ad9e579278e777d4abaa8c9312b6a7
https://conda.anaconda.org/conda-forge/noarch/importlib_metadata-3.1.1-hd8ed1ab_0.tar.bz2#a884b1bcaa2d48a6bc299dcba787db7a
https://conda.anaconda.org/conda-forge/win-64/jupyter_core-4.7.0-py37h03978a9_0.tar.bz2#307627860dbe6ee5654091e9180cb604
https://conda.anaconda.org/conda-forge/win-64/libnetcdf-4.7.4-nompi_h2ee746f_106.tar.bz2#815ff15bd17dc5ecd57863524331021d
https://conda.anaconda.org/conda-forge/win-64/numpy-stl-2.13.0-py37hda49f71_0.tar.bz2#d0195f8748392e8c0bee9258c57789a1
https://conda.anaconda.org/conda-forge/win-64/pandas-1.1.5-py37h08fd248_0.tar.bz2#948510be87f3e7ccc2a1bdfd270a2683
https://conda.anaconda.org/conda-forge/noarch/pyevtk-1.1.2-pyh24bf2e0_0.tar.bz2#b3112438927aac2bdd7123b5cc869f0d
https://conda.anaconda.org/conda-forge/win-64/pyqt-impl-5.12.3-py37hf2a7229_6.tar.bz2#34cbbd6bf6a37aad836c3b3f57e2d825
https://conda.anaconda.org/conda-forge/win-64/pysocks-1.7.1-py37hf50a25e_2.tar.bz2#5aa31e3f7f568e6f1362f49c61899b4e
https://conda.anaconda.org/conda-forge/win-64/pywavelets-1.1.1-py37hda49f71_3.tar.bz2#171556c135a2ef4bcdf6dd8157415a78
https://conda.anaconda.org/conda-forge/win-64/scipy-1.5.3-py37h6db1a17_0.tar.bz2#bce75deeef2fd3da3e08f09c03eb667d
https://conda.anaconda.org/conda-forge/win-64/setuptools-49.6.0-py37hf50a25e_2.tar.bz2#f4baae013473c95c43ddd749def77ab0
https://conda.anaconda.org/conda-forge/win-64/terminado-0.9.1-py37h03978a9_1.tar.bz2#602742f58cb0627d0574e713bc1cce8b
https://conda.anaconda.org/conda-forge/noarch/transforms3d-0.3.1-py_0.tar.bz2#6da5577349701747d4241472f18a9e76
https://conda.anaconda.org/conda-forge/noarch/unyt-2.8.0-py_0.tar.bz2#c1f3539c56b2eee9af776eb4c4a52b60
https://conda.anaconda.org/conda-forge/noarch/backports.functools_lru_cache-1.6.1-py_0.tar.bz2#d36df15eaef96549ce6231e3088fba54
https://conda.anaconda.org/conda-forge/noarch/bleach-3.2.1-pyh9f0ad1d_0.tar.bz2#d4506316b85679972c0b78d4d1c0b701
https://conda.anaconda.org/conda-forge/win-64/distributed-2.30.1-py37h03978a9_0.tar.bz2#6a2abc792ee458e1b9deee21d8d1fe5a
https://conda.anaconda.org/conda-forge/noarch/jinja2-2.11.2-pyh9f0ad1d_0.tar.bz2#e8a5d614d1a27bdba00059ca062a0551
https://conda.anaconda.org/conda-forge/noarch/json_tricks-3.15.5-pyhd8ed1ab_0.tar.bz2#92ea408376b5a0b274b5ab636967297a
https://conda.anaconda.org/conda-forge/noarch/jsonschema-3.2.0-py_2.tar.bz2#a17aa962de6145d08e1008cb37c20161
https://conda.anaconda.org/conda-forge/noarch/jupyter_client-6.1.7-py_0.tar.bz2#bcaa486602c05413da0808b82898f60a
https://conda.anaconda.org/conda-forge/win-64/matplotlib-base-3.3.3-py37h3379fd5_0.tar.bz2#e276184bb72687d54c0cd5fa05061497
https://conda.anaconda.org/conda-forge/noarch/networkx-2.5-py_0.tar.bz2#d836ad8453c22192357707026ca21653
https://conda.anaconda.org/conda-forge/win-64/numba-0.52.0-py37h08fd248_0.tar.bz2#edccdfb7ceb445f94e197ead537a8839
https://conda.anaconda.org/conda-forge/noarch/pardiso4py-0.2.2-pyh9f0ad1d_0.tar.bz2#0ff32b5ac66a4481f4ac240be5afc493
https://conda.anaconda.org/conda-forge/noarch/pip-20.3.1-pyhd8ed1ab_0.tar.bz2#bd6aa73eed4afc399688200778a609f6
https://conda.anaconda.org/conda-forge/win-64/pluggy-0.13.1-py37hf50a25e_3.tar.bz2#111a6331e5e564c5ba3504c884b8c364
https://conda.anaconda.org/conda-forge/win-64/pyamg-4.0.0-py37h9387523_1003.tar.bz2#ffdfe109adaa1e5a23e33ed6db940874
https://conda.anaconda.org/conda-forge/noarch/pygments-2.7.3-pyhd8ed1ab_0.tar.bz2#d963eb6df37d0a32fd2c12eeae3f5cf9
https://conda.anaconda.org/conda-forge/noarch/pyopenssl-20.0.0-pyhd8ed1ab_0.tar.bz2#8fda1084aa3edad26a03e85617bb109f
https://conda.anaconda.org/conda-forge/win-64/pyqtchart-5.12-py37hf2a7229_6.tar.bz2#cf58979eb387d2af12e45c528bad62e4
https://conda.anaconda.org/conda-forge/win-64/pyqtwebengine-5.12.1-py37hf2a7229_6.tar.bz2#feb74ca5a4df704cebebbfafda8f7389
https://conda.anaconda.org/conda-forge/noarch/tifffile-2020.12.8-pyhd8ed1ab_0.tar.bz2#985c2d8fce8fcaa33e868ff5e7ceb48f
https://conda.anaconda.org/conda-forge/win-64/zope.interface-5.2.0-py37hcc03f2d_0.tar.bz2#0e8a0c06013c7366426434d0efdb367a
https://conda.anaconda.org/conda-forge/win-64/bcrypt-3.2.0-py37h4ab8f01_1.tar.bz2#fcb4dd61cfb11a470ecb9d733b95ae31
https://conda.anaconda.org/conda-forge/win-64/bokeh-2.2.3-py37h03978a9_0.tar.bz2#a67b82a898d85fcbf0eac4edb24b6f71
https://conda.anaconda.org/conda-forge/noarch/jupyterlab_pygments-0.1.2-pyh9f0ad1d_0.tar.bz2#2cbd910890bb328e8959246a1e16fac7
https://conda.anaconda.org/conda-forge/noarch/nbformat-5.0.8-py_0.tar.bz2#12aaf0d8795a5c375757b49a08e011a2
https://conda.anaconda.org/conda-forge/win-64/pyqt-5.12.3-py37h03978a9_6.tar.bz2#2cba8406e23eecfa3db51e3da21934d8
https://conda.anaconda.org/conda-forge/win-64/pytest-6.1.2-py37h03978a9_0.tar.bz2#8c846b0b7e7baab584ffa30b30eaa154
https://conda.anaconda.org/conda-forge/win-64/scikit-image-0.17.2-py37h08fd248_4.tar.bz2#27bd8653e6e69d6396809c9f78740cca
https://conda.anaconda.org/conda-forge/noarch/service_identity-18.1.0-py_0.tar.bz2#bea53ad2212fa8f270c427bd40ce1fbd
https://conda.anaconda.org/conda-forge/noarch/urllib3-1.25.11-py_0.tar.bz2#4ce0599839b2b4418befe201e5f072fc
https://conda.anaconda.org/conda-forge/noarch/wcwidth-0.2.5-pyh9f0ad1d_2.tar.bz2#5266fcd697043c59621fda522b3d78ee
https://conda.anaconda.org/conda-forge/noarch/dask-2.30.0-py_0.tar.bz2#4c8b8bec2dfac1beec0159c1979d6666
https://conda.anaconda.org/conda-forge/win-64/matplotlib-3.3.3-py37h03978a9_0.tar.bz2#379c78c7fa741e15529189274b657cd0
https://conda.anaconda.org/conda-forge/noarch/nbclient-0.5.1-py_0.tar.bz2#4efba375c50e6668cb5778e36d1f3a7e
https://conda.anaconda.org/conda-forge/noarch/openpnm-2.6.1-pyhd3deb0d_0.tar.bz2#98fadfce811b17549b89e35a2596a6a7
https://conda.anaconda.org/conda-forge/noarch/prompt_toolkit-1.0.15-py_1.tar.bz2#f5bea0930b268df84653cb32c8d1542f
https://conda.anaconda.org/conda-forge/noarch/pytest-cache-1.0-py_2.tar.bz2#127d734543b5c04b1429dd402123308f
https://conda.anaconda.org/conda-forge/noarch/pytest-codestyle-2.0.1-py_0.tar.bz2#74135a4626e6c4bed80955c0adc4d8be
https://conda.anaconda.org/conda-forge/noarch/pytest-cov-2.10.1-pyh9f0ad1d_0.tar.bz2#0d83b4ea58595e9f685c51ba31f63116
https://conda.anaconda.org/conda-forge/noarch/requests-2.25.0-pyhd3deb0d_0.tar.bz2#5b983af1f3dcd93ef20f6067d077f6fe
https://conda.anaconda.org/conda-forge/win-64/twisted-20.3.0-py37h4ab8f01_1.tar.bz2#6d49556f7340f3c1d54557877ebe429b
https://conda.anaconda.org/conda-forge/noarch/codecov-2.1.10-pyh9f0ad1d_0.tar.bz2#b9bed92b569ffba92ea796af102851dc
https://conda.anaconda.org/conda-forge/win-64/ipython-5.8.0-py37_1.tar.bz2#b02e69f979b2dedce2ac46616a5d4666
https://conda.anaconda.org/conda-forge/win-64/nbconvert-6.0.7-py37h03978a9_3.tar.bz2#1bbb1ea7e63926ea34e33f35d39b8540
https://conda.anaconda.org/conda-forge/win-64/paraview-5.8.1-py37h1bac1c2_2.tar.bz2#71b8e5ace2ce9bc09475c4d6afc192c5
https://conda.anaconda.org/conda-forge/win-64/ipykernel-5.3.4-py37h7b7c402_1.tar.bz2#49ffdfcd899ce71f05301789f181e58d
https://conda.anaconda.org/conda-forge/win-64/jupyter_console-5.2.0-py37_1.tar.bz2#a729760dcecd8037fafc58efbd2c93f2
https://conda.anaconda.org/conda-forge/noarch/nbval-0.9.6-pyh9f0ad1d_0.tar.bz2#b627e05284e7affc46b6e4878aa1d96b
https://conda.anaconda.org/conda-forge/win-64/notebook-6.1.5-py37h03978a9_0.tar.bz2#5a112c7461c05d519528d8fc67ba8868
https://conda.anaconda.org/conda-forge/noarch/qtconsole-5.0.1-pyhd8ed1ab_0.tar.bz2#8c5f05626faea7f30c9acb057e2a8859
https://conda.anaconda.org/conda-forge/win-64/widgetsnbextension-3.5.1-py37h03978a9_4.tar.bz2#d458ece167714711b30e5d20c50b32ff
https://conda.anaconda.org/conda-forge/noarch/ipywidgets-7.5.1-pyh9f0ad1d_1.tar.bz2#a7211644e1cf6a262c675635a78181f4
https://conda.anaconda.org/conda-forge/noarch/jupyter-1.0.0-py_2.tar.bz2#46b26993ed7c689863313a03ee39e5e3
