# platform: osx-64
# env_hash: 84300ff5013da304a61919f06fb7451928bf4c167b958442651eeb6faadc2b82
@EXPLICIT
https://conda.anaconda.org/conda-forge/osx-64/bzip2-1.0.8-hc929b4f_4.tar.bz2#521b82c700a64bac7d8da27539422e91
https://conda.anaconda.org/conda-forge/osx-64/c-ares-1.17.1-hc929b4f_0.tar.bz2#24fc0b91a6eacc6753fef90514d67ce9
https://conda.anaconda.org/conda-forge/osx-64/ca-certificates-2020.12.5-h033912b_0.tar.bz2#4483d8ea13bd57b52e3539e741501a7d
https://conda.anaconda.org/conda-forge/osx-64/giflib-5.2.1-hbcb3906_2.tar.bz2#be8f747c37e4d7e346c133e641966750
https://conda.anaconda.org/conda-forge/osx-64/jpeg-9d-hbcb3906_0.tar.bz2#ff6fba028f282f94ceb10597d58a56e8
https://conda.anaconda.org/conda-forge/osx-64/jxrlib-1.1-h35c211d_2.tar.bz2#1c2379fd9d5d4ecb151231f6282e699d
https://conda.anaconda.org/conda-forge/osx-64/libcxx-11.0.0-h4c3b8ed_1.tar.bz2#6a22f1c899bcf110c39cd6d959a8555e
https://conda.anaconda.org/conda-forge/osx-64/libev-4.33-haf1e3a3_1.tar.bz2#79dc2be110b2a3d1e97ec21f691c50ad
https://conda.anaconda.org/conda-forge/osx-64/libiconv-1.16-haf1e3a3_0.tar.bz2#c5fab167412a52e491c8e11453ae016f
https://conda.anaconda.org/conda-forge/osx-64/libogg-1.3.4-hc929b4f_0.tar.bz2#da902432b144df93e402890c7bf18449
https://conda.anaconda.org/conda-forge/osx-64/libsodium-1.0.18-hbcb3906_1.tar.bz2#24632c09ed931af617fe6d5292919cab
https://conda.anaconda.org/conda-forge/osx-64/libwebp-base-1.1.0-hbcb3906_3.tar.bz2#ed1a1f1a709a44125a72e086c2aa405c
https://conda.anaconda.org/conda-forge/osx-64/llvm-openmp-11.0.0-h73239a0_1.tar.bz2#40126f3a0c6b2a0fba13214e6ff90ff9
https://conda.anaconda.org/conda-forge/osx-64/mysql-common-8.0.21-2.tar.bz2#e6179ac782248827dfe6285dae325046
https://conda.anaconda.org/conda-forge/osx-64/ncurses-6.2-h2e338ed_4.tar.bz2#9cef1910395d1543527583e73dba30f1
https://conda.anaconda.org/conda-forge/osx-64/pandoc-2.11.2-hc929b4f_0.tar.bz2#b23d8cf47c28ee3d46bba52baadf9a20
https://conda.anaconda.org/conda-forge/osx-64/xz-5.2.5-haf1e3a3_1.tar.bz2#41116deb499e9bc58048c297d6403ce6
https://conda.anaconda.org/conda-forge/osx-64/yaml-0.2.5-haf1e3a3_0.tar.bz2#84c2fc186995c25a43e86ed708065572
https://conda.anaconda.org/conda-forge/osx-64/zlib-1.2.11-h7795811_1010.tar.bz2#7d39e47e16ed0107f37c7224d5b5be8b
https://conda.anaconda.org/conda-forge/osx-64/blosc-1.20.1-h046ec9c_0.tar.bz2#8d44d1c9bad8a2099232a118f9ed610e
https://conda.anaconda.org/conda-forge/osx-64/brotli-1.0.9-hb1e8313_3.tar.bz2#d0f11fb741ea6ff57c81bc82cb6bd473
https://conda.anaconda.org/conda-forge/osx-64/charls-2.1.0-h046ec9c_2.tar.bz2#762233a7f5a0b3445348eec42f3eaf7f
https://conda.anaconda.org/conda-forge/osx-64/double-conversion-3.1.5-h4a8c4bd_2.tar.bz2#f58d22f9ee56f71fd44af12a472d176b
https://conda.anaconda.org/conda-forge/osx-64/expat-2.2.9-hb1e8313_2.tar.bz2#5674668524163888bba8f8c04223c323
https://conda.anaconda.org/conda-forge/osx-64/glew-2.1.0-h046ec9c_2.tar.bz2#6b753c8c7e4c46a8eb17b6f1781f958a
https://conda.anaconda.org/conda-forge/osx-64/gmp-6.2.1-h2e338ed_0.tar.bz2#dedc96914428dae572a39e69ee2a392f
https://conda.anaconda.org/conda-forge/osx-64/hdf4-4.2.13-h71d84a9_1004.tar.bz2#798adc59c4f9633b4146fd0bde19437b
https://conda.anaconda.org/conda-forge/osx-64/icu-67.1-hb1e8313_0.tar.bz2#7ee9c0ceb94bf007b86e1564626e1ca0
https://conda.anaconda.org/conda-forge/osx-64/jsoncpp-1.8.4-ha1b3eb9_1002.tar.bz2#d51074b98c3ef49d9cd06d7f49006e34
https://conda.anaconda.org/conda-forge/osx-64/lerc-2.2-h046ec9c_0.tar.bz2#4d0915a40306304c771225adbd3daf9b
https://conda.anaconda.org/conda-forge/osx-64/libaec-1.0.4-h046ec9c_1.tar.bz2#b573eb14edcd87c201135eedc7057361
https://conda.anaconda.org/conda-forge/osx-64/libedit-3.1.20191231-h0678c8f_2.tar.bz2#6016a8a1d0e63cac3de2c352cd40208b
https://conda.anaconda.org/conda-forge/osx-64/libffi-3.3-h046ec9c_2.tar.bz2#c7a196accaf92d40985d5c9b4d14f9cb
https://conda.anaconda.org/conda-forge/osx-64/libgfortran5-9.3.0-h7cc5361_13.tar.bz2#f9f3fc3c2e4f3deb6820a395ffb6071d
https://conda.anaconda.org/conda-forge/osx-64/libllvm10-10.0.1-h009f743_3.tar.bz2#cc65eb0b26253d2789320bfd661852f9
https://conda.anaconda.org/conda-forge/osx-64/libpng-1.6.37-h7cec526_2.tar.bz2#9e52521faba2b53269672628d34e1513
https://conda.anaconda.org/conda-forge/osx-64/libprotobuf-3.13.0.1-hab81aa3_0.tar.bz2#d75b16109023b14f178ab9b79a8396b3
https://conda.anaconda.org/conda-forge/osx-64/libvorbis-1.3.7-h4a8c4bd_0.tar.bz2#e20b1a38c353c1a37d62769c39a69763
https://conda.anaconda.org/conda-forge/osx-64/libzopfli-1.0.3-h046ec9c_0.tar.bz2#55f3f5c9bccca18d33cb3a4bcfe002d7
https://conda.anaconda.org/conda-forge/osx-64/lz4-c-1.9.2-hb1e8313_3.tar.bz2#7737f6db9eb5e572d22b88b667d1f3f9
https://conda.anaconda.org/conda-forge/osx-64/mkl-2020.4-h08c4f10_301.tar.bz2#8268ec76043b696a63a08da0c402e1d7
https://conda.anaconda.org/conda-forge/osx-64/nspr-4.29-hb1e8313_1.tar.bz2#27cb52315d9261010fe715e3316765b2
https://conda.anaconda.org/conda-forge/osx-64/openssl-1.1.1h-haf1e3a3_0.tar.bz2#6be73e185e6a92a29571dd9a2dfb5251
https://conda.anaconda.org/conda-forge/osx-64/pcre-8.44-hb1e8313_0.tar.bz2#e1c1a939ae5ecd32f13db1f742b434e5
https://conda.anaconda.org/conda-forge/osx-64/pugixml-1.10-hb1e8313_1.tar.bz2#d6161509f09ef68f110fadfb2f076106
https://conda.anaconda.org/conda-forge/osx-64/readline-8.0-h0678c8f_2.tar.bz2#8f69d684fce8e73328995d7efb77816a
https://conda.anaconda.org/conda-forge/osx-64/snappy-1.1.8-hb1e8313_3.tar.bz2#73b65b3935375b56deb96f6794ed721e
https://conda.anaconda.org/conda-forge/osx-64/tk-8.6.10-hb0a8c7a_1.tar.bz2#f7477bf81dcfc7b4dddc7b3790a99a0c
https://conda.anaconda.org/conda-forge/osx-64/zeromq-4.3.3-h74dc148_3.tar.bz2#365c52e91cb00d96d15bef9eddf9f7f8
https://conda.anaconda.org/conda-forge/osx-64/zfp-0.5.5-h046ec9c_4.tar.bz2#c922f80fe4695b780d87ef69c12b002c
https://conda.anaconda.org/conda-forge/osx-64/brunsli-0.1-h046ec9c_0.tar.bz2#28d47920c95b85499c9a61994cc49b87
https://conda.anaconda.org/conda-forge/osx-64/freetype-2.10.4-h3f75d11_0.tar.bz2#84d0ef8511d5754eab4e6af79fb5d5b3
https://conda.anaconda.org/conda-forge/osx-64/gettext-0.19.8.1-h7937167_1005.tar.bz2#52fd84c5cc5d61a6e05885f44d033efa
https://conda.anaconda.org/conda-forge/osx-64/gl2ps-1.4.2-h4cff582_0.tar.bz2#a9e91533b95cd019d58f4b3ef9bbddf0
https://conda.anaconda.org/conda-forge/osx-64/krb5-1.17.2-h60d9502_0.tar.bz2#abf2add2a1ade1920b25a8f3327a1aa0
https://conda.anaconda.org/conda-forge/osx-64/libclang-10.0.1-default_hf57f61e_1.tar.bz2#5c80fc4dfc1f7bb314a206a02e6d6c47
https://conda.anaconda.org/conda-forge/osx-64/libgfortran-5.0.0-h7cc5361_13.tar.bz2#d439af12d04584f443d4f69c6147a661
https://conda.anaconda.org/conda-forge/osx-64/libnghttp2-1.41.0-h7580e61_2.tar.bz2#1731a2e73e2d68d455a1b8b8de0265dc
https://conda.anaconda.org/conda-forge/osx-64/libssh2-1.9.0-h8a08a2b_5.tar.bz2#2e0e86262d3c9a11230ab55fc0468e49
https://conda.anaconda.org/conda-forge/osx-64/libtheora-1.1.1-haf1e3a3_1004.tar.bz2#577829533fad49b51e7254676ae7f9cd
https://conda.anaconda.org/conda-forge/osx-64/libxml2-2.9.10-h2c6e4a5_2.tar.bz2#6fea0e9bafd6df7276490c5b4178f59c
https://conda.anaconda.org/conda-forge/osx-64/mpfr-4.0.2-h72d8aaf_1.tar.bz2#a7b9a26985eadd6675077490a015e61e
https://conda.anaconda.org/conda-forge/osx-64/sqlite-3.34.0-h17101e1_0.tar.bz2#9e9694f119bb1a2362a0cc0249651835
https://conda.anaconda.org/conda-forge/osx-64/zstd-1.4.5-h289c70a_2.tar.bz2#53cfeb429a4e0157b32ca4b52f488965
https://conda.anaconda.org/conda-forge/osx-64/libcurl-7.71.1-h9bf37e3_8.tar.bz2#1a136204085b4c620fe2ed74fb1112bf
https://conda.anaconda.org/conda-forge/osx-64/libglib-2.66.3-h60154bc_1.tar.bz2#9640485b425740a0b85ecf67894e5013
https://conda.anaconda.org/conda-forge/osx-64/libopenblas-0.3.12-openmp_h54245bb_1.tar.bz2#ecaffce11312c27c18ad35e65095fecc
https://conda.anaconda.org/conda-forge/osx-64/libpq-12.3-h0cb8f33_3.tar.bz2#d5d2d9beff5cd742a90a0bd421d9ea76
https://conda.anaconda.org/conda-forge/osx-64/libtiff-4.1.0-hca7d577_6.tar.bz2#1c59fd861aedb60abf4fe1c07b553eb0
https://conda.anaconda.org/conda-forge/osx-64/mpc-1.1.0-ha57cd0f_1009.tar.bz2#e97438cea7c25b9906edf9525f580674
https://conda.anaconda.org/conda-forge/osx-64/mysql-libs-8.0.21-hfb8f7af_2.tar.bz2#280d8ca18fa861d84174483856d74d39
https://conda.anaconda.org/conda-forge/osx-64/nss-3.47-hc0980d9_0.tar.bz2#c4a8c66c0125d86fbde82cf965212917
https://conda.anaconda.org/conda-forge/osx-64/python-3.8.6-h3b7b5d6_1_cpython.tar.bz2#3fd08a5192b00e12ad9c04b3acc9ab1c
https://conda.anaconda.org/conda-forge/noarch/apipkg-1.5-py_0.tar.bz2#4e79696efff4eae6cbcbeddbb5bbb5ee
https://conda.anaconda.org/conda-forge/noarch/array_split-0.5.2-pyh95af2a2_0.tar.bz2#63dbfd2117015403fd4b51dd361b0d17
https://conda.anaconda.org/conda-forge/noarch/async_generator-1.10-py_0.tar.bz2#d56c596e61b1c4952acf0a9920856c12
https://conda.anaconda.org/conda-forge/noarch/attrs-20.3.0-pyhd3deb0d_0.tar.bz2#5b319abb055eefcfa344bc21378ca23f
https://conda.anaconda.org/conda-forge/noarch/backcall-0.2.0-pyh9f0ad1d_0.tar.bz2#6006a6d08a3fa99268a2681c7fb55213
https://conda.anaconda.org/conda-forge/noarch/backports-1.0-py_2.tar.bz2#0da16b293affa6ac31812376f8eb79dd
https://conda.anaconda.org/conda-forge/noarch/cached-property-1.5.1-py_0.tar.bz2#a5773589b22d6d4f6201fb7c261bf77f
https://conda.anaconda.org/conda-forge/noarch/click-7.1.2-pyh9f0ad1d_0.tar.bz2#bd50a970ce07e660c319fdc4d730d3f1
https://conda.anaconda.org/conda-forge/noarch/cloudpickle-1.6.0-py_0.tar.bz2#76d764d8881719e305f6fa368dc2b65e
https://conda.anaconda.org/conda-forge/noarch/colorama-0.4.4-pyh9f0ad1d_0.tar.bz2#c08b4c1326b880ed44f3ffb04803332f
https://conda.anaconda.org/conda-forge/noarch/constantly-15.1.0-py_0.tar.bz2#6cc019fc01a1e9ea7eb0bfccfc6c9d2d
https://conda.anaconda.org/conda-forge/osx-64/curl-7.71.1-hcb81553_8.tar.bz2#82d166def6b920c17688f9ec0d766908
https://conda.anaconda.org/conda-forge/noarch/decorator-4.4.2-py_0.tar.bz2#d2eabb9cabd212e1ec6a9463bd846243
https://conda.anaconda.org/conda-forge/noarch/defusedxml-0.6.0-py_0.tar.bz2#37e1033daee0e2edaa5ff42584c52b21
https://conda.anaconda.org/conda-forge/noarch/entrypoints-0.3-pyhd8ed1ab_1003.tar.bz2#bbf9a201f6ce99a506f4955374d9a9f4
https://conda.anaconda.org/conda-forge/noarch/flatdict-4.0.1-pyh9f0ad1d_0.tar.bz2#3df3b7f4ed0149076b87bfd23ceb63ea
https://conda.anaconda.org/conda-forge/noarch/fsspec-0.8.4-py_0.tar.bz2#9bc8332e90f8a54d38caf488f784bd85
https://conda.anaconda.org/conda-forge/osx-64/glib-2.66.3-h519c658_1.tar.bz2#f34c4dac658681118c2a9fa3eece55ae
https://conda.anaconda.org/conda-forge/osx-64/hdf5-1.10.6-nompi_h0f9794f_1112.tar.bz2#9ab0bd09eb48a0fdba6166028090f4da
https://conda.anaconda.org/conda-forge/noarch/heapdict-1.0.1-py_0.tar.bz2#77242bfb1e74a627fb06319b5a2d3b95
https://conda.anaconda.org/conda-forge/noarch/idna-2.10-pyh9f0ad1d_0.tar.bz2#f95a12b4f435aae6680fe55ae2eb1b06
https://conda.anaconda.org/conda-forge/noarch/incremental-17.5.0-py_0.tar.bz2#893135cf399e206eaa192e437a61bef9
https://conda.anaconda.org/conda-forge/noarch/iniconfig-1.1.1-pyh9f0ad1d_0.tar.bz2#39161f81cc5e5ca45b8226fbb06c6905
https://conda.anaconda.org/conda-forge/noarch/ipython_genutils-0.2.0-py_1.tar.bz2#5071c982548b3a20caf70462f04f5287
https://conda.anaconda.org/conda-forge/osx-64/lcms2-2.11-h11f7e16_1.tar.bz2#e51153c3a4a2455f2466ef4e5496c34d
https://conda.anaconda.org/conda-forge/osx-64/libblas-3.9.0-3_openblas.tar.bz2#63422c183fc9408b6465dec4e51132b1
https://conda.anaconda.org/conda-forge/noarch/locket-0.2.0-py_2.tar.bz2#709e8671651c7ec3d1ad07800339ff1d
https://conda.anaconda.org/conda-forge/noarch/more-itertools-8.6.0-pyhd8ed1ab_0.tar.bz2#980af7a97980ad4cc867b3c1fad782e7
https://conda.anaconda.org/conda-forge/noarch/mpmath-1.1.0-py_0.tar.bz2#710eeb108dbbbb96d38f9cde359f6a94
https://conda.anaconda.org/conda-forge/noarch/nest-asyncio-1.4.3-pyhd8ed1ab_0.tar.bz2#a1f2fda4d88c624810bf2029aa4c0827
https://conda.anaconda.org/conda-forge/noarch/olefile-0.46-pyh9f0ad1d_1.tar.bz2#0b2e68acc8c78c8cc392b90983481f58
https://conda.anaconda.org/conda-forge/osx-64/openjpeg-2.3.1-h6cbf5cd_3.tar.bz2#565259b01302fdef6daaf52042300ad6
https://conda.anaconda.org/conda-forge/noarch/pandocfilters-1.4.2-py_1.tar.bz2#ba6f4a308f1ea22abe1d72e72544af76
https://conda.anaconda.org/conda-forge/noarch/parso-0.7.1-pyh9f0ad1d_0.tar.bz2#f66647d1ec805566d72ac26f62b19c01
https://conda.anaconda.org/conda-forge/noarch/pickleshare-0.7.5-py_1003.tar.bz2#415f0ebb6198cc2801c73438a9fb5761
https://conda.anaconda.org/conda-forge/noarch/prometheus_client-0.9.0-pyhd3deb0d_0.tar.bz2#c7af95daf5bae22ead34151e0ab9d041
https://conda.anaconda.org/conda-forge/noarch/ptyprocess-0.6.0-py_1001.tar.bz2#0c3a56f1ab48cfb002c69b48f9e1ddc6
https://conda.anaconda.org/conda-forge/noarch/py-1.9.0-pyh9f0ad1d_0.tar.bz2#82beb69c4e05d65702bbde3c63d6ef58
https://conda.anaconda.org/conda-forge/noarch/pyasn1-0.4.8-py_0.tar.bz2#06d04c9f8f72ac77911db942eda24fb9
https://conda.anaconda.org/conda-forge/noarch/pycodestyle-2.6.0-pyh9f0ad1d_0.tar.bz2#a08d6f5a610c7194da158add79f2b018
https://conda.anaconda.org/conda-forge/noarch/pycparser-2.20-pyh9f0ad1d_2.tar.bz2#aa798d50ffd182a0f6f31478c7f434f6
https://conda.anaconda.org/conda-forge/noarch/pyhamcrest-2.0.2-py_0.tar.bz2#008bcb771d03dcd79b3585fa483d144f
https://conda.anaconda.org/conda-forge/noarch/pyparsing-2.4.7-pyh9f0ad1d_0.tar.bz2#626c4f20d5bf06dcec9cf2eaa31725c7
https://conda.anaconda.org/conda-forge/osx-64/python_abi-3.8-1_cp38.tar.bz2#5fe7757fd743e1c2d14d6170d4f53365
https://conda.anaconda.org/conda-forge/noarch/pytz-2020.4-pyhd8ed1ab_0.tar.bz2#14aefc827cbbd156cb1bd9e992210380
https://conda.anaconda.org/conda-forge/osx-64/qt-5.12.9-h717870c_0.tar.bz2#7b07f4571757576594c1eaec471730c6
https://conda.anaconda.org/conda-forge/noarch/qtpy-1.9.0-py_0.tar.bz2#ab75b0ea90d2621e1924b824e2f395ee
https://conda.anaconda.org/conda-forge/noarch/send2trash-1.5.0-py_0.tar.bz2#c3779037a635e1150f1c53c28b875949
https://conda.anaconda.org/conda-forge/noarch/six-1.15.0-pyh9f0ad1d_0.tar.bz2#1eec421f0f1f39e579e44e4a5ce646a2
https://conda.anaconda.org/conda-forge/noarch/smmap-3.0.4-pyh9f0ad1d_0.tar.bz2#102f29e2015d9311c86996a20ce866ae
https://conda.anaconda.org/conda-forge/noarch/sortedcontainers-2.3.0-pyhd8ed1ab_0.tar.bz2#2f5b87cd0bdf1822b62e40909f471db4
https://conda.anaconda.org/conda-forge/noarch/tblib-1.6.0-py_0.tar.bz2#0e1562c39e804e0d7df8650626379caa
https://conda.anaconda.org/conda-forge/noarch/termcolor-1.1.0-py_2.tar.bz2#c7fd66fedfff76bfe477c6f33c96d83a
https://conda.anaconda.org/conda-forge/noarch/testpath-0.4.4-py_0.tar.bz2#3b98fff4d5342bebde2ecaa314f796f9
https://conda.anaconda.org/conda-forge/noarch/toml-0.10.2-pyhd8ed1ab_0.tar.bz2#f832c45a477c78bebd107098db465095
https://conda.anaconda.org/conda-forge/noarch/toolz-0.11.1-py_0.tar.bz2#d1e66b58cb00b3817ad9f05eec098c00
https://conda.anaconda.org/conda-forge/noarch/tqdm-4.54.1-pyhd8ed1ab_0.tar.bz2#7b03d52227ac839ae00f94fee1a75074
https://conda.anaconda.org/conda-forge/noarch/typing_extensions-3.7.4.3-py_0.tar.bz2#12b96e382730541a4b332420227055ae
https://conda.anaconda.org/conda-forge/noarch/webencodings-0.5.1-py_1.tar.bz2#3563be4c5611a44210d9ba0c16113136
https://conda.anaconda.org/conda-forge/noarch/wheel-0.36.1-pyhd3deb0d_0.tar.bz2#c6ed1f08b1fdc10511b90245b87dc504
https://conda.anaconda.org/conda-forge/noarch/zipp-3.4.0-py_0.tar.bz2#0df927d2e46244cef8fd75d7ec2ba51c
https://conda.anaconda.org/conda-forge/osx-64/appnope-0.1.2-py38h50d1736_0.tar.bz2#59544280b8ccc657a25ffdf742df5b6e
https://conda.anaconda.org/conda-forge/noarch/automat-20.2.0-py_0.tar.bz2#0931a4f6f2a28ab4af8316027142a295
https://conda.anaconda.org/conda-forge/osx-64/certifi-2020.12.5-py38h50d1736_0.tar.bz2#669f44747bd774e4899bd3e3bc9ea5fa
https://conda.anaconda.org/conda-forge/osx-64/cffi-1.14.4-py38h979bc6b_1.tar.bz2#e648f242bf242deb64206104cb8cbf1f
https://conda.anaconda.org/conda-forge/osx-64/cgns-4.1.2-hc87d91f_0.tar.bz2#ddb421e48cae15196676b2602bd9366d
https://conda.anaconda.org/conda-forge/osx-64/chardet-3.0.4-py38h5347e94_1008.tar.bz2#63b433075e840f92c6f33abff8cf564a
https://conda.anaconda.org/conda-forge/osx-64/coverage-5.3-py38h4d0b108_1.tar.bz2#429f81311ddb358de8cba17148a2d53a
https://conda.anaconda.org/conda-forge/noarch/cycler-0.10.0-py_2.tar.bz2#f6d7c7e6d8f42cbbec7e07a8d879f91c
https://conda.anaconda.org/conda-forge/osx-64/cytoolz-0.11.0-py38h1130bcf_1.tar.bz2#5932c8c406bc8fa4c621ad2f5e4d0a1f
https://conda.anaconda.org/conda-forge/osx-64/dbus-1.13.6-h0c50699_1.tar.bz2#099364b8889a73dc57f880a1ed61ff7c
https://conda.anaconda.org/conda-forge/noarch/docrep-0.2.7-py_0.tar.bz2#7a8411a58c16dffe32424251e62e3149
https://conda.anaconda.org/conda-forge/noarch/execnet-1.7.1-py_0.tar.bz2#b68d9d4464296840b68761d21487172a
https://conda.anaconda.org/conda-forge/noarch/gitdb-4.0.5-py_0.tar.bz2#94c135f9db6e89c6a848d3f7ae2cc66b
https://conda.anaconda.org/conda-forge/osx-64/gmpy2-2.1.0b1-py38haf64e2c_1.tar.bz2#f819eda68839b987fdf56639d20fc0cc
https://conda.anaconda.org/conda-forge/noarch/hyperlink-20.0.1-pyh9f0ad1d_0.tar.bz2#b25da0ef0e031a4b5904337026b4b289
https://conda.anaconda.org/conda-forge/noarch/importlib-metadata-3.1.1-pyhd8ed1ab_0.tar.bz2#e22162ed945059586d1b6b603d07c48e
https://conda.anaconda.org/conda-forge/osx-64/jedi-0.17.2-py38h50d1736_1.tar.bz2#17def26d8c7368853581d4a81e3043b3
https://conda.anaconda.org/conda-forge/osx-64/kiwisolver-1.3.1-py38h9250c2b_0.tar.bz2#940e4f32d7fd9127ea9d2ad18a59b792
https://conda.anaconda.org/conda-forge/osx-64/libcblas-3.9.0-3_openblas.tar.bz2#db022571ca94d89680df174d970b1d22
https://conda.anaconda.org/conda-forge/osx-64/liblapack-3.9.0-3_openblas.tar.bz2#981e3cbd865ea7530bb52e427ce5e1d9
https://conda.anaconda.org/conda-forge/osx-64/libnetcdf-4.7.4-nompi_h4844aed_106.tar.bz2#7bc7160cd1c36490a9d2b9a85d315c05
https://conda.anaconda.org/conda-forge/osx-64/llvmlite-0.35.0-py38h869898f_0.tar.bz2#cf617aac27aa45da56871da6d84cd235
https://conda.anaconda.org/conda-forge/osx-64/markupsafe-1.1.1-py38h94c058a_2.tar.bz2#4fe723b88b05abb9e79b2cd4906fc406
https://conda.anaconda.org/conda-forge/osx-64/mistune-0.8.4-py38h7e3306e_1002.tar.bz2#808c161f7b4a8b62699d9d03f86e95ec
https://conda.anaconda.org/conda-forge/osx-64/mkl-service-2.3.0-py38h4d0b108_2.tar.bz2#25371d5d0efb9fef7c9964edae4b603a
https://conda.anaconda.org/conda-forge/osx-64/msgpack-python-1.0.0-py38heb27365_2.tar.bz2#b9f62523f84fc845d713340b93f3c741
https://conda.anaconda.org/conda-forge/noarch/packaging-20.7-pyhd3deb0d_0.tar.bz2#0bc8af3dd7a02bd106cd05ac35007309
https://conda.anaconda.org/conda-forge/noarch/partd-1.1.0-py_0.tar.bz2#4afbf2cdf4e6ad279080d3adb5cefaae
https://conda.anaconda.org/conda-forge/noarch/pexpect-4.8.0-pyh9f0ad1d_2.tar.bz2#5909e7b978141dd80d28dbf9de627827
https://conda.anaconda.org/conda-forge/osx-64/pillow-8.0.1-py38h565d989_0.tar.bz2#eea3c5822ae311e3174286f0ec4564f9
https://conda.anaconda.org/conda-forge/osx-64/pluggy-0.13.1-py38h5347e94_3.tar.bz2#a46badb8729f49353c7e748c8e732570
https://conda.anaconda.org/conda-forge/osx-64/psutil-5.7.3-py38h94c058a_0.tar.bz2#10e1dfe4b5bff0e7fd07ac41f197447c
https://conda.anaconda.org/conda-forge/noarch/pyasn1-modules-0.2.7-py_0.tar.bz2#ad1e886d09700b2304975335f714bd9c
https://conda.anaconda.org/conda-forge/osx-64/pyqt5-sip-4.19.18-py38h5745d40_6.tar.bz2#4613e68d6c8da42ae26c439ca06e91c0
https://conda.anaconda.org/conda-forge/osx-64/pyrsistent-0.17.3-py38h7e3306e_1.tar.bz2#979ff7160c4f00f268fab42b90c4588d
https://conda.anaconda.org/conda-forge/osx-64/pysocks-1.7.1-py38h5347e94_2.tar.bz2#fb19eb501a7c78448f9262ef6cde3b19
https://conda.anaconda.org/conda-forge/noarch/python-dateutil-2.8.1-py_0.tar.bz2#0d0150ed9c2d25817f5324108d3f7571
https://conda.anaconda.org/conda-forge/noarch/python-utils-2.4.0-py_0.tar.bz2#ecbb1d56686f4d2064b8851f7ef9a6e6
https://conda.anaconda.org/conda-forge/osx-64/pyyaml-5.3.1-py38h94c058a_1.tar.bz2#da7293e571efb5451eaefc94dae801c9
https://conda.anaconda.org/conda-forge/osx-64/pyzmq-20.0.0-py38h9b3f83f_1.tar.bz2#9b905254c36c4f7ed160f1cadf53ba96
https://conda.anaconda.org/conda-forge/noarch/terminaltables-3.1.0-py_0.tar.bz2#4fc8bb7e1f4a025650b8bef923525345
https://conda.anaconda.org/conda-forge/osx-64/tornado-6.1-py38h7e3306e_0.tar.bz2#bf3694efccd3901ef84b3b3b1b05accc
https://conda.anaconda.org/conda-forge/noarch/traitlets-5.0.5-py_0.tar.bz2#99618ee9ab1323e40f231acdab92fe60
https://conda.anaconda.org/conda-forge/noarch/zict-2.0.0-py_0.tar.bz2#4750152be22f24d695b3004c5e1712d3
https://conda.anaconda.org/conda-forge/osx-64/argon2-cffi-20.1.0-py38h7e3306e_2.tar.bz2#c2d75c2d7af45fe6e0f152cc67f5c940
https://conda.anaconda.org/conda-forge/osx-64/brotlipy-0.7.0-py38h94c058a_1001.tar.bz2#e75b32a4f716a68f0437ad606f4078e1
https://conda.anaconda.org/conda-forge/osx-64/cryptography-3.3.1-py38h6b4ec92_0.tar.bz2#3859e5520835a7d11468187fefcc2922
https://conda.anaconda.org/conda-forge/noarch/dask-core-2.30.0-py_0.tar.bz2#64d3972a069d9885b2fbfb2485934c30
https://conda.anaconda.org/conda-forge/noarch/gitpython-3.1.11-py_0.tar.bz2#4b723fdb7778db332faa8f2613fe6bf3
https://conda.anaconda.org/conda-forge/noarch/importlib_metadata-3.1.1-hd8ed1ab_0.tar.bz2#a884b1bcaa2d48a6bc299dcba787db7a
https://conda.anaconda.org/conda-forge/osx-64/jupyter_core-4.7.0-py38h50d1736_0.tar.bz2#3b207eb36704052c8b3263679f63b5af
https://conda.anaconda.org/conda-forge/osx-64/numpy-1.19.4-py38hcf469a5_1.tar.bz2#9baedb3c90ce4ba7b5c7901930c059f3
https://conda.anaconda.org/conda-forge/osx-64/pyqt-impl-5.12.3-py38h721a93c_6.tar.bz2#8218fce2ef0eb6f79204dbf3f67c5753
https://conda.anaconda.org/conda-forge/osx-64/pytest-6.1.2-py38h50d1736_0.tar.bz2#5dfac9027a1315c9ff83502b282d4e21
https://conda.anaconda.org/conda-forge/osx-64/setuptools-49.6.0-py38h5347e94_2.tar.bz2#d60492e2803bc7f3c85544532868cee1
https://conda.anaconda.org/conda-forge/osx-64/sympy-1.7-py38h50d1736_1.tar.bz2#f25d38697531fed7810a9da319b35aee
https://conda.anaconda.org/conda-forge/osx-64/terminado-0.9.1-py38h50d1736_1.tar.bz2#9eeb5eb53bce12e00bb55d5bc9ca4d48
https://conda.anaconda.org/conda-forge/noarch/backports.functools_lru_cache-1.6.1-py_0.tar.bz2#d36df15eaef96549ce6231e3088fba54
https://conda.anaconda.org/conda-forge/noarch/bleach-3.2.1-pyh9f0ad1d_0.tar.bz2#d4506316b85679972c0b78d4d1c0b701
https://conda.anaconda.org/conda-forge/osx-64/distributed-2.30.1-py38h50d1736_0.tar.bz2#92d4428f84a893fc5b1b1aa53b6c8958
https://conda.anaconda.org/conda-forge/osx-64/edt-2.0.2-py38h9250c2b_0.tar.bz2#8cfba9129ecddf51355f2fde53ebd995
https://conda.anaconda.org/conda-forge/osx-64/h5py-3.1.0-nompi_py38hebff1a9_100.tar.bz2#448e7e089fa0f64b796749d167710481
https://conda.anaconda.org/conda-forge/osx-64/imagecodecs-2020.5.30-py38h1f5c5b7_4.tar.bz2#28058e88bb013a2144bff0bba1c99b02
https://conda.anaconda.org/conda-forge/noarch/imageio-2.9.0-py_0.tar.bz2#62ad9e579278e777d4abaa8c9312b6a7
https://conda.anaconda.org/conda-forge/noarch/jinja2-2.11.2-pyh9f0ad1d_0.tar.bz2#e8a5d614d1a27bdba00059ca062a0551
https://conda.anaconda.org/conda-forge/noarch/jsonschema-3.2.0-py_2.tar.bz2#a17aa962de6145d08e1008cb37c20161
https://conda.anaconda.org/conda-forge/noarch/jupyter_client-6.1.7-py_0.tar.bz2#bcaa486602c05413da0808b82898f60a
https://conda.anaconda.org/conda-forge/osx-64/matplotlib-base-3.3.3-py38h9bfd75d_0.tar.bz2#0d492491927a57b0a0e5b3fb6f1cd411
https://conda.anaconda.org/conda-forge/noarch/networkx-2.5-py_0.tar.bz2#d836ad8453c22192357707026ca21653
https://conda.anaconda.org/conda-forge/osx-64/numba-0.52.0-py38he9f00de_0.tar.bz2#e99164f9d7d6890ee81433699f08eec7
https://conda.anaconda.org/conda-forge/osx-64/numpy-stl-2.13.0-py38hfb243c8_0.tar.bz2#5c182485fe50834ce4e9994df1276f77
https://conda.anaconda.org/conda-forge/osx-64/pandas-1.1.5-py38he9f00de_0.tar.bz2#2f12db1fdfb4435f6857845ab8a6ea12
https://conda.anaconda.org/conda-forge/noarch/pip-20.3.1-pyhd8ed1ab_0.tar.bz2#bd6aa73eed4afc399688200778a609f6
https://conda.anaconda.org/conda-forge/noarch/pyevtk-1.1.2-pyh24bf2e0_0.tar.bz2#b3112438927aac2bdd7123b5cc869f0d
https://conda.anaconda.org/conda-forge/noarch/pygments-2.7.3-pyhd8ed1ab_0.tar.bz2#d963eb6df37d0a32fd2c12eeae3f5cf9
https://conda.anaconda.org/conda-forge/noarch/pyopenssl-20.0.0-pyhd8ed1ab_0.tar.bz2#8fda1084aa3edad26a03e85617bb109f
https://conda.anaconda.org/conda-forge/osx-64/pyqtchart-5.12-py38h721a93c_6.tar.bz2#f8b7bc1f4644eb1e0d4cb3b99125d18a
https://conda.anaconda.org/conda-forge/osx-64/pyqtwebengine-5.12.1-py38h721a93c_6.tar.bz2#b2f8627ab6669f25812190214a045873
https://conda.anaconda.org/conda-forge/noarch/pytest-cache-1.0-py_2.tar.bz2#127d734543b5c04b1429dd402123308f
https://conda.anaconda.org/conda-forge/noarch/pytest-codestyle-2.0.1-py_0.tar.bz2#74135a4626e6c4bed80955c0adc4d8be
https://conda.anaconda.org/conda-forge/noarch/pytest-cov-2.10.1-pyh9f0ad1d_0.tar.bz2#0d83b4ea58595e9f685c51ba31f63116
https://conda.anaconda.org/conda-forge/osx-64/pywavelets-1.1.1-py38hc7193ba_3.tar.bz2#dbc8a72b7b40481b7cf7e0aa983676e7
https://conda.anaconda.org/conda-forge/osx-64/scipy-1.5.3-py38hb6cd474_0.tar.bz2#b0574c75ef08dffa661a55c28abda13c
https://conda.anaconda.org/conda-forge/noarch/transforms3d-0.3.1-py_0.tar.bz2#6da5577349701747d4241472f18a9e76
https://conda.anaconda.org/conda-forge/noarch/unyt-2.8.0-py_0.tar.bz2#c1f3539c56b2eee9af776eb4c4a52b60
https://conda.anaconda.org/conda-forge/osx-64/zope.interface-5.2.0-py38h7e3306e_0.tar.bz2#78a855f01b9af027a8d45b1be8abafe8
https://conda.anaconda.org/conda-forge/osx-64/bcrypt-3.2.0-py38h4d0b108_1.tar.bz2#5572f5baab76ea25dffbec41cac483ca
https://conda.anaconda.org/conda-forge/osx-64/bokeh-2.2.3-py38h50d1736_0.tar.bz2#971d4bcce962d2196fcc638ae7d8d165
https://conda.anaconda.org/conda-forge/noarch/json_tricks-3.15.5-pyhd8ed1ab_0.tar.bz2#92ea408376b5a0b274b5ab636967297a
https://conda.anaconda.org/conda-forge/noarch/jupyterlab_pygments-0.1.2-pyh9f0ad1d_0.tar.bz2#2cbd910890bb328e8959246a1e16fac7
https://conda.anaconda.org/conda-forge/osx-64/matplotlib-3.3.3-py38h50d1736_0.tar.bz2#624b8532cf3e2a5c794fc4fc9f048f43
https://conda.anaconda.org/conda-forge/noarch/nbformat-5.0.8-py_0.tar.bz2#12aaf0d8795a5c375757b49a08e011a2
https://conda.anaconda.org/conda-forge/noarch/pardiso4py-0.2.2-pyh9f0ad1d_0.tar.bz2#0ff32b5ac66a4481f4ac240be5afc493
https://conda.anaconda.org/conda-forge/osx-64/pyamg-4.0.0-py38h06049b7_1003.tar.bz2#0c97d887c5881c15a11048030bfbd662
https://conda.anaconda.org/conda-forge/osx-64/pyqt-5.12.3-py38h50d1736_6.tar.bz2#b1e061bfd3c043b85a7dde8e17e2bc54
https://conda.anaconda.org/conda-forge/noarch/service_identity-18.1.0-py_0.tar.bz2#bea53ad2212fa8f270c427bd40ce1fbd
https://conda.anaconda.org/conda-forge/noarch/tifffile-2020.12.8-pyhd8ed1ab_0.tar.bz2#985c2d8fce8fcaa33e868ff5e7ceb48f
https://conda.anaconda.org/conda-forge/noarch/urllib3-1.25.11-py_0.tar.bz2#4ce0599839b2b4418befe201e5f072fc
https://conda.anaconda.org/conda-forge/noarch/wcwidth-0.2.5-pyh9f0ad1d_2.tar.bz2#5266fcd697043c59621fda522b3d78ee
https://conda.anaconda.org/conda-forge/noarch/dask-2.30.0-py_0.tar.bz2#4c8b8bec2dfac1beec0159c1979d6666
https://conda.anaconda.org/conda-forge/noarch/nbclient-0.5.1-py_0.tar.bz2#4efba375c50e6668cb5778e36d1f3a7e
https://conda.anaconda.org/conda-forge/noarch/prompt-toolkit-3.0.8-pyha770c72_0.tar.bz2#e4df54860ae814be2dba503c97748173
https://conda.anaconda.org/conda-forge/noarch/requests-2.25.0-pyhd3deb0d_0.tar.bz2#5b983af1f3dcd93ef20f6067d077f6fe
https://conda.anaconda.org/conda-forge/osx-64/scikit-image-0.17.2-py38he9f00de_4.tar.bz2#72599f17cc25810a5d23a213309c3487
https://conda.anaconda.org/conda-forge/osx-64/twisted-20.3.0-py38h4d0b108_1.tar.bz2#a2daad0baeb74bf61506d77b7fec053c
https://conda.anaconda.org/conda-forge/noarch/codecov-2.1.10-pyh9f0ad1d_0.tar.bz2#b9bed92b569ffba92ea796af102851dc
https://conda.anaconda.org/conda-forge/osx-64/ipython-7.19.0-py38h9bb44b7_0.tar.bz2#e661eca601c26a5cb8ee136392aba691
https://conda.anaconda.org/conda-forge/osx-64/nbconvert-6.0.7-py38h50d1736_3.tar.bz2#4f6620112b16223117249294cb939eac
https://conda.anaconda.org/conda-forge/noarch/openpnm-2.6.1-pyhd3deb0d_0.tar.bz2#98fadfce811b17549b89e35a2596a6a7
https://conda.anaconda.org/conda-forge/osx-64/paraview-5.8.1-py38hdbc278e_4.tar.bz2#6df3d7ed9c77245c09c27b2f5756f018
https://conda.anaconda.org/conda-forge/noarch/prompt_toolkit-3.0.8-hd8ed1ab_0.tar.bz2#adbf1430c1b3c59d7d8154fd71fc5fec
https://conda.anaconda.org/conda-forge/osx-64/ipykernel-5.3.4-py38h9bb44b7_1.tar.bz2#7db243d5292b3ec1adb4d22b13af4427
https://conda.anaconda.org/conda-forge/noarch/jupyter_console-6.2.0-py_0.tar.bz2#cb063fba0917fab041217d5a4a3adca0
https://conda.anaconda.org/conda-forge/noarch/nbval-0.9.6-pyh9f0ad1d_0.tar.bz2#b627e05284e7affc46b6e4878aa1d96b
https://conda.anaconda.org/conda-forge/osx-64/notebook-6.1.5-py38h50d1736_0.tar.bz2#5c86e5334a03d76673400eebd09718f7
https://conda.anaconda.org/conda-forge/noarch/qtconsole-5.0.1-pyhd8ed1ab_0.tar.bz2#8c5f05626faea7f30c9acb057e2a8859
https://conda.anaconda.org/conda-forge/osx-64/widgetsnbextension-3.5.1-py38h50d1736_4.tar.bz2#7d69dd67c8a01d72b41e73102141afb8
https://conda.anaconda.org/conda-forge/noarch/ipywidgets-7.5.1-pyh9f0ad1d_1.tar.bz2#a7211644e1cf6a262c675635a78181f4
https://conda.anaconda.org/conda-forge/noarch/jupyter-1.0.0-py_2.tar.bz2#46b26993ed7c689863313a03ee39e5e3
