# platform: linux-64
# env_hash: da65f783ebf511da1702c8de1801032012a9574da57eeb39060546d3d182d4a0
@EXPLICIT
https://conda.anaconda.org/conda-forge/linux-64/_libgcc_mutex-0.1-conda_forge.tar.bz2#d7c89558ba9fa0495403155b64376d81
https://conda.anaconda.org/conda-forge/linux-64/ca-certificates-2020.12.5-ha878542_0.tar.bz2#7eb5d4ffeee663caa1635cd67071bc1b
https://conda.anaconda.org/conda-forge/linux-64/ld_impl_linux-64-2.35.1-hed1e6ac_0.tar.bz2#d0cf77c331382475133dc6c34e7461d7
https://conda.anaconda.org/conda-forge/linux-64/libgfortran5-9.3.0-he4bcb1c_17.tar.bz2#0c15349375fc3d0cb2114fcabe2f0aba
https://conda.anaconda.org/conda-forge/linux-64/libstdcxx-ng-9.3.0-h2ae2ef3_17.tar.bz2#342f3c931d0a3a209ab09a522469d20c
https://conda.anaconda.org/conda-forge/linux-64/llvm-openmp-11.0.0-hfc4b9b4_1.tar.bz2#5867a5b3381754759e3943b1744c339c
https://conda.anaconda.org/conda-forge/linux-64/mysql-common-8.0.21-2.tar.bz2#96f3f7d5ae9784774cd5eb553cdf1ba7
https://conda.anaconda.org/conda-forge/linux-64/pandoc-2.11.2-h36c2ea0_0.tar.bz2#a0f3b9a8abf73111682fb0c3124c25ec
https://conda.anaconda.org/conda-forge/linux-64/_openmp_mutex-4.5-1_llvm.tar.bz2#fa8d764c883a53d22ce622bea830c818
https://conda.anaconda.org/conda-forge/linux-64/libgfortran-ng-9.3.0-he4bcb1c_17.tar.bz2#f92019e2b944dc3e5d33d0efba4a3461
https://conda.anaconda.org/conda-forge/linux-64/libgcc-ng-9.3.0-h5dbcf3e_17.tar.bz2#fc9f5adabc4d55cd4b491332adc413e0
https://conda.anaconda.org/conda-forge/linux-64/mkl-2020.4-h726a3e6_304.tar.bz2#b9b35a50e5377b19da6ec0709ae77fc3
https://conda.anaconda.org/conda-forge/linux-64/blosc-1.20.1-h9c3ff4c_0.tar.bz2#75111c9e554ad3fdabb020abe8522a3e
https://conda.anaconda.org/conda-forge/linux-64/brotli-1.0.9-he1b5a44_3.tar.bz2#beb60bfce044942381b5b11fec60bc4b
https://conda.anaconda.org/conda-forge/linux-64/bzip2-1.0.8-h7f98852_4.tar.bz2#a1fd65c7ccbf10880423d82bca54eb54
https://conda.anaconda.org/conda-forge/linux-64/c-ares-1.17.1-h36c2ea0_0.tar.bz2#1aa683618a2df66800d568409d6841d1
https://conda.anaconda.org/conda-forge/linux-64/charls-2.1.0-h9c3ff4c_2.tar.bz2#1e10e999ff8f723e493469fae30d1689
https://conda.anaconda.org/conda-forge/linux-64/double-conversion-3.1.5-he1b5a44_2.tar.bz2#5cf68ff9f8ec34254734de2b7023fd88
https://conda.anaconda.org/conda-forge/linux-64/expat-2.2.9-he1b5a44_2.tar.bz2#285f5b5ca3209d492224935affd00aab
https://conda.anaconda.org/conda-forge/linux-64/giflib-5.2.1-h36c2ea0_2.tar.bz2#626e68ae9cc5912d6adb79d318cf962d
https://conda.anaconda.org/conda-forge/linux-64/gmp-6.2.1-h58526e2_0.tar.bz2#b94cf2db16066b242ebd26db2facbd56
https://conda.anaconda.org/conda-forge/linux-64/icu-67.1-he1b5a44_0.tar.bz2#7ced6a5e5c94726af797d2b5a2b09228
https://conda.anaconda.org/conda-forge/linux-64/jpeg-9d-h36c2ea0_0.tar.bz2#ea02ce6037dbe81803ae6123e5ba1568
https://conda.anaconda.org/conda-forge/linux-64/jsoncpp-1.8.4-hc9558a2_1002.tar.bz2#537e534c07b09a7409e71934878d25fd
https://conda.anaconda.org/conda-forge/linux-64/jxrlib-1.1-h7f98852_2.tar.bz2#8e787b08fe19986d99d034b839df2961
https://conda.anaconda.org/conda-forge/linux-64/lerc-2.2-h9c3ff4c_0.tar.bz2#386a61084bf5def678db4f9ba5a95f6f
https://conda.anaconda.org/conda-forge/linux-64/libaec-1.0.4-h9c3ff4c_1.tar.bz2#90dbd3066828b76fa810578e49cef920
https://conda.anaconda.org/conda-forge/linux-64/libev-4.33-h516909a_1.tar.bz2#6f8720dff19e17ce5d48cfe7f3d2f0a3
https://conda.anaconda.org/conda-forge/linux-64/libffi-3.2.1-he1b5a44_1007.tar.bz2#11389072d7d6036fd811c3d9460475cd
https://conda.anaconda.org/conda-forge/linux-64/libglu-9.0.0-he1b5a44_1001.tar.bz2#8208602aec4826053c116552369a394c
https://conda.anaconda.org/conda-forge/linux-64/libiconv-1.16-h516909a_0.tar.bz2#5c0f338a513a2943c659ae619fca9211
https://conda.anaconda.org/conda-forge/linux-64/libogg-1.3.4-h7f98852_0.tar.bz2#0da493c8bd2ba9bbf2e8a61a7a198c24
https://conda.anaconda.org/conda-forge/linux-64/libopenblas-0.3.12-pthreads_h4812303_1.tar.bz2#2c7126a584f05e7bc8885d64dad3d21a
https://conda.anaconda.org/conda-forge/linux-64/libsodium-1.0.18-h36c2ea0_1.tar.bz2#c3788462a6fbddafdb413a9f9053e58d
https://conda.anaconda.org/conda-forge/linux-64/libuuid-2.32.1-h7f98852_1000.tar.bz2#772d69f030955d9646d3d0eaf21d859d
https://conda.anaconda.org/conda-forge/linux-64/libwebp-base-1.1.0-h36c2ea0_3.tar.bz2#5d2fa0f54b5cc9b500269437a62cba3b
https://conda.anaconda.org/conda-forge/linux-64/libxkbcommon-0.10.0-he1b5a44_0.tar.bz2#78ccac2098edcd3673af2ceb3e95f932
https://conda.anaconda.org/conda-forge/linux-64/libzopfli-1.0.3-h9c3ff4c_0.tar.bz2#c66fe2d123249af7651ebde8984c51c2
https://conda.anaconda.org/conda-forge/linux-64/lz4-c-1.9.2-he1b5a44_3.tar.bz2#b2e54aad8640e7a877d2280d3ebfe85b
https://conda.anaconda.org/conda-forge/linux-64/ncurses-6.2-h58526e2_4.tar.bz2#509f2a21c4a09214cd737a480dfd80c9
https://conda.anaconda.org/conda-forge/linux-64/nspr-4.29-he1b5a44_1.tar.bz2#74ad126b32aaf96f31df4569048b65ff
https://conda.anaconda.org/conda-forge/linux-64/openssl-1.1.1h-h516909a_0.tar.bz2#3a99e0cb8f325dbf8f616da2d2fb6d4f
https://conda.anaconda.org/conda-forge/linux-64/pcre-8.44-he1b5a44_0.tar.bz2#e647d89cd5cdf62760cf283a001841ff
https://conda.anaconda.org/conda-forge/linux-64/pthread-stubs-0.4-h36c2ea0_1001.tar.bz2#22dad4df6e8630e8dff2428f6f6a7036
https://conda.anaconda.org/conda-forge/linux-64/pugixml-1.10-he1b5a44_1.tar.bz2#ee18f3c361ae75fa1236da484c064576
https://conda.anaconda.org/conda-forge/linux-64/snappy-1.1.8-he1b5a44_3.tar.bz2#83f1dc295c711bdbaf97e1f3bedf2f52
https://conda.anaconda.org/conda-forge/linux-64/xorg-kbproto-1.0.7-h14c3975_1002.tar.bz2#6dfe5dbe10d55266e4a5e89287eed578
https://conda.anaconda.org/conda-forge/linux-64/xorg-libxau-1.0.9-h14c3975_0.tar.bz2#ffa7c2b7a2c7dc779ed9e38b10a93c3c
https://conda.anaconda.org/conda-forge/linux-64/xorg-libxdmcp-1.1.3-h516909a_0.tar.bz2#e95a160e60b2a327309a6d323a4d780e
https://conda.anaconda.org/conda-forge/linux-64/xorg-xextproto-7.3.0-h14c3975_1002.tar.bz2#f08999859c405bad87c4bf9b6cdc7bbb
https://conda.anaconda.org/conda-forge/linux-64/xorg-xproto-7.0.31-h7f98852_1007.tar.bz2#b4a4381d54784606820704f7b5f05a15
https://conda.anaconda.org/conda-forge/linux-64/xz-5.2.5-h516909a_1.tar.bz2#33f601066901f3e1a85af3522a8113f9
https://conda.anaconda.org/conda-forge/linux-64/yaml-0.2.5-h516909a_0.tar.bz2#03a530e925414902547cf48da7756db8
https://conda.anaconda.org/conda-forge/linux-64/zfp-0.5.5-h9c3ff4c_4.tar.bz2#d93d7bb8ec66c5530ee3b6b4ec52b354
https://conda.anaconda.org/conda-forge/linux-64/zlib-1.2.11-h516909a_1010.tar.bz2#339cc5584e6d26bc73a875ba900028c3
https://conda.anaconda.org/conda-forge/linux-64/brunsli-0.1-h9c3ff4c_0.tar.bz2#c1ac6229d0bfd14f8354ff9ad2a26cad
https://conda.anaconda.org/conda-forge/linux-64/gettext-0.19.8.1-hf34092f_1004.tar.bz2#5582e1349bee4a25705adca745bf6845
https://conda.anaconda.org/conda-forge/linux-64/hdf4-4.2.13-h10796ff_1004.tar.bz2#aa1b96c7801b4876bb40f46f4d519836
https://conda.anaconda.org/conda-forge/linux-64/libblas-3.9.0-3_openblas.tar.bz2#45bf606ba7dc222c7c3eda0be241c948
https://conda.anaconda.org/conda-forge/linux-64/libedit-3.1.20191231-he28a2e2_2.tar.bz2#4d331e44109e3f0e19b4cb8f9b82f3e1
https://conda.anaconda.org/conda-forge/linux-64/libevent-2.1.10-hcdb4288_3.tar.bz2#d8f51405997093ff1799ded7650439c4
https://conda.anaconda.org/conda-forge/linux-64/libllvm10-10.0.1-he513fc3_3.tar.bz2#b1c57947b2a9231e0cd037ab0ed96b5d
https://conda.anaconda.org/conda-forge/linux-64/libnghttp2-1.41.0-h8cfc5f6_2.tar.bz2#726ca0fed4bde95b056ef26df1efaf60
https://conda.anaconda.org/conda-forge/linux-64/libpng-1.6.37-h21135ba_2.tar.bz2#b6acf807307d033d4b7e758b4f44b036
https://conda.anaconda.org/conda-forge/linux-64/libprotobuf-3.13.0.1-h8b12597_0.tar.bz2#096c2d42ba109c3cf8b08efe602cc904
https://conda.anaconda.org/conda-forge/linux-64/libssh2-1.9.0-hab1572f_5.tar.bz2#18aaa1bd2238ae2b5e89591046973123
https://conda.anaconda.org/conda-forge/linux-64/libvorbis-1.3.7-he1b5a44_0.tar.bz2#de5b60f584a98d397cc589fcabfa3889
https://conda.anaconda.org/conda-forge/linux-64/libxcb-1.13-h14c3975_1002.tar.bz2#ca4eb860b5528d5c6de8d97021d9ef78
https://conda.anaconda.org/conda-forge/linux-64/libxml2-2.9.10-h68273f3_2.tar.bz2#0315cae0468a1e17f1e7fad5b13d53f8
https://conda.anaconda.org/conda-forge/linux-64/mpfr-4.0.2-he80fd80_1.tar.bz2#36b97844b2c0121c7913c64313f985f0
https://conda.anaconda.org/conda-forge/linux-64/readline-8.0-he28a2e2_2.tar.bz2#4d0ae8d473f863696088f76800ef9d38
https://conda.anaconda.org/conda-forge/linux-64/tk-8.6.10-hed695b0_1.tar.bz2#7ef837cd455bd0f19f49b8b62d4cb568
https://conda.anaconda.org/conda-forge/linux-64/zeromq-4.3.3-h58526e2_3.tar.bz2#6272fa8d98bd79c7978da0f7d2bb28da
https://conda.anaconda.org/conda-forge/linux-64/zstd-1.4.5-h6597ccf_2.tar.bz2#d60d50f369d40f9787878cdd866fc9d3
https://conda.anaconda.org/conda-forge/linux-64/freetype-2.10.4-h7ca028e_0.tar.bz2#1e6bf409916fdf455a5bb8627b626285
https://conda.anaconda.org/conda-forge/linux-64/gl2ps-1.4.2-h0708190_0.tar.bz2#438718bf8921ac70956d919d0e2cc487
https://conda.anaconda.org/conda-forge/linux-64/krb5-1.17.2-h926e7f8_0.tar.bz2#926325c11478d6e781e76072c117763b
https://conda.anaconda.org/conda-forge/linux-64/libcblas-3.9.0-3_openblas.tar.bz2#2499ea2d37a37324abab3fd034faab44
https://conda.anaconda.org/conda-forge/linux-64/libclang-10.0.1-default_hde54327_1.tar.bz2#758f1d35d1f8531c80e35b017d76d131
https://conda.anaconda.org/conda-forge/linux-64/libglib-2.66.3-hbe7bbb4_0.tar.bz2#d5a09a9e981849b751cb75656b7302a0
https://conda.anaconda.org/conda-forge/linux-64/liblapack-3.9.0-3_openblas.tar.bz2#8fd9fca8f58e6e132f55dd2330cae671
https://conda.anaconda.org/conda-forge/linux-64/libtheora-1.1.1-h516909a_1004.tar.bz2#c3107718075b814ea81192f0770eaffc
https://conda.anaconda.org/conda-forge/linux-64/libtiff-4.1.0-h4f3a223_6.tar.bz2#26f3a89355b93d26418088a749fd9880
https://conda.anaconda.org/conda-forge/linux-64/mpc-1.1.0-h04dde30_1009.tar.bz2#04a83b86c244fd8fe557a24e50b0028e
https://conda.anaconda.org/conda-forge/linux-64/mysql-libs-8.0.21-hf3661c5_2.tar.bz2#f2e5829fe70bce8eb7916010c329d759
https://conda.anaconda.org/conda-forge/linux-64/sqlite-3.34.0-h74cdb3f_0.tar.bz2#0a83e21e8c1929cc9a1e21ebb2459fc5
https://conda.anaconda.org/conda-forge/linux-64/xorg-libx11-1.6.12-h516909a_0.tar.bz2#cdea71c3e27611e012419faea02c56bd
https://conda.anaconda.org/conda-forge/linux-64/fontconfig-2.13.1-h7e3eb15_1002.tar.bz2#24b40f20bd46b6f75872dbff650fa129
https://conda.anaconda.org/conda-forge/linux-64/lcms2-2.11-hcbb858e_1.tar.bz2#89fcd6a52a99f3e255989f8cfc80c489
https://conda.anaconda.org/conda-forge/linux-64/libcurl-7.71.1-hcdd3856_8.tar.bz2#2c81fb9f0d82c04b08617fc73eb615af
https://conda.anaconda.org/conda-forge/linux-64/libpq-12.3-h255efa7_3.tar.bz2#a1daa43848e9e2b655a9af817a8bb613
https://conda.anaconda.org/conda-forge/linux-64/nss-3.59-h2c00c37_0.tar.bz2#3b3b61a1c906531351be7a4bccda218f
https://conda.anaconda.org/conda-forge/linux-64/openjpeg-2.3.1-hf7af979_3.tar.bz2#eabf34a9fb3b43a2a1e8c277b73ff87b
https://conda.anaconda.org/conda-forge/linux-64/python-3.8.6-h852b56e_0_cpython.tar.bz2#dd65401dfb61ac030edc0dc4d15c2c51
https://conda.anaconda.org/conda-forge/linux-64/xorg-libxext-1.3.4-h516909a_0.tar.bz2#aba40ec20012e0a2641ced275a0abdca
https://conda.anaconda.org/conda-forge/noarch/apipkg-1.5-py_0.tar.bz2#4e79696efff4eae6cbcbeddbb5bbb5ee
https://conda.anaconda.org/conda-forge/noarch/array_split-0.5.2-pyh95af2a2_0.tar.bz2#63dbfd2117015403fd4b51dd361b0d17
https://conda.anaconda.org/conda-forge/noarch/async_generator-1.10-py_0.tar.bz2#d56c596e61b1c4952acf0a9920856c12
https://conda.anaconda.org/conda-forge/noarch/attrs-20.3.0-pyhd3deb0d_0.tar.bz2#5b319abb055eefcfa344bc21378ca23f
https://conda.anaconda.org/conda-forge/noarch/backcall-0.2.0-pyh9f0ad1d_0.tar.bz2#6006a6d08a3fa99268a2681c7fb55213
https://conda.anaconda.org/conda-forge/noarch/backports-1.0-py_2.tar.bz2#0da16b293affa6ac31812376f8eb79dd
https://conda.anaconda.org/conda-forge/noarch/cached-property-1.5.1-py_0.tar.bz2#a5773589b22d6d4f6201fb7c261bf77f
https://conda.anaconda.org/conda-forge/noarch/click-7.1.2-pyh9f0ad1d_0.tar.bz2#bd50a970ce07e660c319fdc4d730d3f1
https://conda.anaconda.org/conda-forge/noarch/cloudpickle-1.6.0-py_0.tar.bz2#76d764d8881719e305f6fa368dc2b65e
https://conda.anaconda.org/conda-forge/noarch/colorama-0.4.4-pyh9f0ad1d_0.tar.bz2#c08b4c1326b880ed44f3ffb04803332f
https://conda.anaconda.org/conda-forge/noarch/constantly-15.1.0-py_0.tar.bz2#6cc019fc01a1e9ea7eb0bfccfc6c9d2d
https://conda.anaconda.org/conda-forge/linux-64/curl-7.71.1-he644dc0_8.tar.bz2#7fadfa44182e1cc0dbbe0c169c0b15cc
https://conda.anaconda.org/conda-forge/noarch/decorator-4.4.2-py_0.tar.bz2#d2eabb9cabd212e1ec6a9463bd846243
https://conda.anaconda.org/conda-forge/noarch/defusedxml-0.6.0-py_0.tar.bz2#37e1033daee0e2edaa5ff42584c52b21
https://conda.anaconda.org/conda-forge/noarch/entrypoints-0.3-pyhd8ed1ab_1003.tar.bz2#bbf9a201f6ce99a506f4955374d9a9f4
https://conda.anaconda.org/conda-forge/noarch/flatdict-4.0.1-pyh9f0ad1d_0.tar.bz2#3df3b7f4ed0149076b87bfd23ceb63ea
https://conda.anaconda.org/conda-forge/noarch/fsspec-0.8.4-py_0.tar.bz2#9bc8332e90f8a54d38caf488f784bd85
https://conda.anaconda.org/conda-forge/linux-64/glew-2.1.0-h9c3ff4c_2.tar.bz2#fb05eb5c47590b247658243d27fc32f1
https://conda.anaconda.org/conda-forge/linux-64/glib-2.66.3-h58526e2_0.tar.bz2#62c2e5c84f6cdc7ded2307ef9c30dc8c
https://conda.anaconda.org/conda-forge/linux-64/hdf5-1.10.6-nompi_h6a2412b_1112.tar.bz2#1a1aec2bd230d10406960e4e7a43a787
https://conda.anaconda.org/conda-forge/noarch/heapdict-1.0.1-py_0.tar.bz2#77242bfb1e74a627fb06319b5a2d3b95
https://conda.anaconda.org/conda-forge/noarch/idna-2.10-pyh9f0ad1d_0.tar.bz2#f95a12b4f435aae6680fe55ae2eb1b06
https://conda.anaconda.org/conda-forge/noarch/incremental-17.5.0-py_0.tar.bz2#893135cf399e206eaa192e437a61bef9
https://conda.anaconda.org/conda-forge/noarch/iniconfig-1.1.1-pyh9f0ad1d_0.tar.bz2#39161f81cc5e5ca45b8226fbb06c6905
https://conda.anaconda.org/conda-forge/noarch/ipython_genutils-0.2.0-py_1.tar.bz2#5071c982548b3a20caf70462f04f5287
https://conda.anaconda.org/conda-forge/noarch/locket-0.2.0-py_2.tar.bz2#709e8671651c7ec3d1ad07800339ff1d
https://conda.anaconda.org/conda-forge/noarch/more-itertools-8.6.0-pyhd8ed1ab_0.tar.bz2#980af7a97980ad4cc867b3c1fad782e7
https://conda.anaconda.org/conda-forge/noarch/mpmath-1.1.0-py_0.tar.bz2#710eeb108dbbbb96d38f9cde359f6a94
https://conda.anaconda.org/conda-forge/noarch/nest-asyncio-1.4.3-pyhd8ed1ab_0.tar.bz2#a1f2fda4d88c624810bf2029aa4c0827
https://conda.anaconda.org/conda-forge/noarch/olefile-0.46-pyh9f0ad1d_1.tar.bz2#0b2e68acc8c78c8cc392b90983481f58
https://conda.anaconda.org/conda-forge/noarch/pandocfilters-1.4.2-py_1.tar.bz2#ba6f4a308f1ea22abe1d72e72544af76
https://conda.anaconda.org/conda-forge/noarch/parso-0.7.1-pyh9f0ad1d_0.tar.bz2#f66647d1ec805566d72ac26f62b19c01
https://conda.anaconda.org/conda-forge/noarch/pickleshare-0.7.5-py_1003.tar.bz2#415f0ebb6198cc2801c73438a9fb5761
https://conda.anaconda.org/conda-forge/noarch/prometheus_client-0.9.0-pyhd3deb0d_0.tar.bz2#c7af95daf5bae22ead34151e0ab9d041
https://conda.anaconda.org/conda-forge/noarch/ptyprocess-0.6.0-py_1001.tar.bz2#0c3a56f1ab48cfb002c69b48f9e1ddc6
https://conda.anaconda.org/conda-forge/noarch/py-1.9.0-pyh9f0ad1d_0.tar.bz2#82beb69c4e05d65702bbde3c63d6ef58
https://conda.anaconda.org/conda-forge/noarch/pyasn1-0.4.8-py_0.tar.bz2#06d04c9f8f72ac77911db942eda24fb9
https://conda.anaconda.org/conda-forge/noarch/pycodestyle-2.6.0-pyh9f0ad1d_0.tar.bz2#a08d6f5a610c7194da158add79f2b018
https://conda.anaconda.org/conda-forge/noarch/pycparser-2.20-pyh9f0ad1d_2.tar.bz2#aa798d50ffd182a0f6f31478c7f434f6
https://conda.anaconda.org/conda-forge/noarch/pyhamcrest-2.0.2-py_0.tar.bz2#008bcb771d03dcd79b3585fa483d144f
https://conda.anaconda.org/conda-forge/noarch/pyparsing-2.4.7-pyh9f0ad1d_0.tar.bz2#626c4f20d5bf06dcec9cf2eaa31725c7
https://conda.anaconda.org/conda-forge/linux-64/python_abi-3.8-1_cp38.tar.bz2#8d05152d6fb3012b27a0e6fbcc14bea1
https://conda.anaconda.org/conda-forge/noarch/pytz-2020.4-pyhd8ed1ab_0.tar.bz2#14aefc827cbbd156cb1bd9e992210380
https://conda.anaconda.org/conda-forge/noarch/qtpy-1.9.0-py_0.tar.bz2#ab75b0ea90d2621e1924b824e2f395ee
https://conda.anaconda.org/conda-forge/noarch/send2trash-1.5.0-py_0.tar.bz2#c3779037a635e1150f1c53c28b875949
https://conda.anaconda.org/conda-forge/noarch/six-1.15.0-pyh9f0ad1d_0.tar.bz2#1eec421f0f1f39e579e44e4a5ce646a2
https://conda.anaconda.org/conda-forge/noarch/smmap-3.0.4-pyh9f0ad1d_0.tar.bz2#102f29e2015d9311c86996a20ce866ae
https://conda.anaconda.org/conda-forge/noarch/sortedcontainers-2.3.0-pyhd8ed1ab_0.tar.bz2#2f5b87cd0bdf1822b62e40909f471db4
https://conda.anaconda.org/conda-forge/noarch/tblib-1.6.0-py_0.tar.bz2#0e1562c39e804e0d7df8650626379caa
https://conda.anaconda.org/conda-forge/noarch/termcolor-1.1.0-py_2.tar.bz2#c7fd66fedfff76bfe477c6f33c96d83a
https://conda.anaconda.org/conda-forge/noarch/testpath-0.4.4-py_0.tar.bz2#3b98fff4d5342bebde2ecaa314f796f9
https://conda.anaconda.org/conda-forge/noarch/toml-0.10.2-pyhd8ed1ab_0.tar.bz2#f832c45a477c78bebd107098db465095
https://conda.anaconda.org/conda-forge/noarch/toolz-0.11.1-py_0.tar.bz2#d1e66b58cb00b3817ad9f05eec098c00
https://conda.anaconda.org/conda-forge/noarch/tqdm-4.54.1-pyhd8ed1ab_0.tar.bz2#7b03d52227ac839ae00f94fee1a75074
https://conda.anaconda.org/conda-forge/noarch/typing_extensions-3.7.4.3-py_0.tar.bz2#12b96e382730541a4b332420227055ae
https://conda.anaconda.org/conda-forge/noarch/webencodings-0.5.1-py_1.tar.bz2#3563be4c5611a44210d9ba0c16113136
https://conda.anaconda.org/conda-forge/noarch/wheel-0.36.1-pyhd3deb0d_0.tar.bz2#c6ed1f08b1fdc10511b90245b87dc504
https://conda.anaconda.org/conda-forge/noarch/zipp-3.4.0-py_0.tar.bz2#0df927d2e46244cef8fd75d7ec2ba51c
https://conda.anaconda.org/conda-forge/noarch/automat-20.2.0-py_0.tar.bz2#0931a4f6f2a28ab4af8316027142a295
https://conda.anaconda.org/conda-forge/linux-64/certifi-2020.12.5-py38h578d9bd_0.tar.bz2#a3daf84221215a6caa8a4efc9b04c773
https://conda.anaconda.org/conda-forge/linux-64/cffi-1.14.4-py38ha312104_0.tar.bz2#8f82b87522fbb1d4b24e8b5e2b1d0501
https://conda.anaconda.org/conda-forge/linux-64/cgns-4.1.2-hf54d351_0.tar.bz2#a2e85844411be254997e8c0208a16d3e
https://conda.anaconda.org/conda-forge/linux-64/chardet-3.0.4-py38h924ce5b_1008.tar.bz2#650d998422b4e70d0700f5c1d083e59d
https://conda.anaconda.org/conda-forge/linux-64/coverage-5.3-py38h1e0a361_1.tar.bz2#e87cc43b76fa24e08fd30334c1dddac8
https://conda.anaconda.org/conda-forge/noarch/cycler-0.10.0-py_2.tar.bz2#f6d7c7e6d8f42cbbec7e07a8d879f91c
https://conda.anaconda.org/conda-forge/linux-64/cytoolz-0.11.0-py38h25fe258_1.tar.bz2#b3e51a7c964412aa61eb647905b3d217
https://conda.anaconda.org/conda-forge/linux-64/dbus-1.13.6-hfdff14a_1.tar.bz2#4caaca6356992ee545080c7d7193b5a3
https://conda.anaconda.org/conda-forge/noarch/docrep-0.2.7-py_0.tar.bz2#7a8411a58c16dffe32424251e62e3149
https://conda.anaconda.org/conda-forge/noarch/execnet-1.7.1-py_0.tar.bz2#b68d9d4464296840b68761d21487172a
https://conda.anaconda.org/conda-forge/noarch/gitdb-4.0.5-py_0.tar.bz2#94c135f9db6e89c6a848d3f7ae2cc66b
https://conda.anaconda.org/conda-forge/linux-64/gmpy2-2.1.0b1-py38hd744826_1.tar.bz2#0e9034d585b0469856f7f5805e5697ba
https://conda.anaconda.org/conda-forge/linux-64/gstreamer-1.14.5-h36ae1b5_2.tar.bz2#00084ab2657be5bf0ba0757ccde797ef
https://conda.anaconda.org/conda-forge/noarch/hyperlink-20.0.1-pyh9f0ad1d_0.tar.bz2#b25da0ef0e031a4b5904337026b4b289
https://conda.anaconda.org/conda-forge/noarch/importlib-metadata-3.1.1-pyhd8ed1ab_0.tar.bz2#e22162ed945059586d1b6b603d07c48e
https://conda.anaconda.org/conda-forge/linux-64/jedi-0.17.2-py38h578d9bd_1.tar.bz2#f4eda1939aa75de2af5dc10c1f3a9224
https://conda.anaconda.org/conda-forge/linux-64/kiwisolver-1.3.1-py38h82cb98a_0.tar.bz2#63021f4bd12e4be94cdcac752f3a8f46
https://conda.anaconda.org/conda-forge/linux-64/libnetcdf-4.7.4-nompi_hefab0ff_106.tar.bz2#3b9113c901dd406371c29ba9c5783368
https://conda.anaconda.org/conda-forge/linux-64/llvmlite-0.35.0-py38h4630a5e_0.tar.bz2#639205ca92e2e66e9511ee00044f3790
https://conda.anaconda.org/conda-forge/linux-64/markupsafe-1.1.1-py38h8df0ef7_2.tar.bz2#74e818eb7b17fde40f9ae4d2a89caf1d
https://conda.anaconda.org/conda-forge/linux-64/mistune-0.8.4-py38h25fe258_1002.tar.bz2#a99b318a91985f61931a7f87cf8f395d
https://conda.anaconda.org/conda-forge/linux-64/mkl-service-2.3.0-py38h1e0a361_2.tar.bz2#7fbe577a8215f1b422534a7d03979e1b
https://conda.anaconda.org/conda-forge/linux-64/msgpack-python-1.0.0-py38h82cb98a_2.tar.bz2#f5d43d446afd1134f5a05ff938098268
https://conda.anaconda.org/conda-forge/linux-64/numpy-1.19.4-py38hf0fd68c_1.tar.bz2#6f6294d848b943a4ce190b5c579028b0
https://conda.anaconda.org/conda-forge/noarch/packaging-20.7-pyhd3deb0d_0.tar.bz2#0bc8af3dd7a02bd106cd05ac35007309
https://conda.anaconda.org/conda-forge/noarch/partd-1.1.0-py_0.tar.bz2#4afbf2cdf4e6ad279080d3adb5cefaae
https://conda.anaconda.org/conda-forge/noarch/pexpect-4.8.0-pyh9f0ad1d_2.tar.bz2#5909e7b978141dd80d28dbf9de627827
https://conda.anaconda.org/conda-forge/linux-64/pillow-8.0.1-py38h70fbd49_0.tar.bz2#0d5f7787994a53b040ca78aac655b978
https://conda.anaconda.org/conda-forge/linux-64/pluggy-0.13.1-py38h924ce5b_3.tar.bz2#f6e63e8309909362b4f3c9b93196b7ee
https://conda.anaconda.org/conda-forge/linux-64/psutil-5.7.3-py38h8df0ef7_0.tar.bz2#69443f8f89333593a9df367ebd8c1a13
https://conda.anaconda.org/conda-forge/noarch/pyasn1-modules-0.2.7-py_0.tar.bz2#ad1e886d09700b2304975335f714bd9c
https://conda.anaconda.org/conda-forge/linux-64/pyqt5-sip-4.19.18-py38h709712a_6.tar.bz2#665834c0387017ecf294628084ca7708
https://conda.anaconda.org/conda-forge/linux-64/pyrsistent-0.17.3-py38h25fe258_1.tar.bz2#ed71c9a0fc9e778b733541b24fbe07be
https://conda.anaconda.org/conda-forge/linux-64/pysocks-1.7.1-py38h924ce5b_2.tar.bz2#b589d2f798c01ba2bfbc1afe2f95b639
https://conda.anaconda.org/conda-forge/noarch/python-dateutil-2.8.1-py_0.tar.bz2#0d0150ed9c2d25817f5324108d3f7571
https://conda.anaconda.org/conda-forge/noarch/python-utils-2.4.0-py_0.tar.bz2#ecbb1d56686f4d2064b8851f7ef9a6e6
https://conda.anaconda.org/conda-forge/linux-64/pyyaml-5.3.1-py38h8df0ef7_1.tar.bz2#8eaa66e391971ac0e9e329b91bc37003
https://conda.anaconda.org/conda-forge/linux-64/pyzmq-20.0.0-py38h1d1b12f_1.tar.bz2#4961f04ad485621b5ee86e5be1539e8b
https://conda.anaconda.org/conda-forge/noarch/terminaltables-3.1.0-py_0.tar.bz2#4fc8bb7e1f4a025650b8bef923525345
https://conda.anaconda.org/conda-forge/linux-64/tornado-6.1-py38h25fe258_0.tar.bz2#44f79ac64582a77cecbdca04c777ae30
https://conda.anaconda.org/conda-forge/noarch/traitlets-5.0.5-py_0.tar.bz2#99618ee9ab1323e40f231acdab92fe60
https://conda.anaconda.org/conda-forge/noarch/zict-2.0.0-py_0.tar.bz2#4750152be22f24d695b3004c5e1712d3
https://conda.anaconda.org/conda-forge/linux-64/argon2-cffi-20.1.0-py38h25fe258_2.tar.bz2#c131f54b346ab64bf64dfee6eea47e47
https://conda.anaconda.org/conda-forge/linux-64/brotlipy-0.7.0-py38h8df0ef7_1001.tar.bz2#1d928644b8bfd49b2e869609dd3e57a1
https://conda.anaconda.org/conda-forge/linux-64/cryptography-3.3.1-py38h2b97feb_0.tar.bz2#f6679e58fc4d98fb7b57f479beded033
https://conda.anaconda.org/conda-forge/noarch/dask-core-2.30.0-py_0.tar.bz2#64d3972a069d9885b2fbfb2485934c30
https://conda.anaconda.org/conda-forge/linux-64/edt-2.0.2-py38h82cb98a_0.tar.bz2#3e764958b2e76f58254b3982614f5785
https://conda.anaconda.org/conda-forge/noarch/gitpython-3.1.11-py_0.tar.bz2#4b723fdb7778db332faa8f2613fe6bf3
https://conda.anaconda.org/conda-forge/linux-64/gst-plugins-base-1.14.5-h0935bb2_2.tar.bz2#eb125ee86480e00a4a1ed45a577c3311
https://conda.anaconda.org/conda-forge/linux-64/h5py-3.1.0-nompi_py38hafa665b_100.tar.bz2#550f5817655c72e184df36588bb32e64
https://conda.anaconda.org/conda-forge/linux-64/imagecodecs-2020.5.30-py38h67f9a0b_4.tar.bz2#8befff54968f7175b42826306ca712bd
https://conda.anaconda.org/conda-forge/noarch/imageio-2.9.0-py_0.tar.bz2#62ad9e579278e777d4abaa8c9312b6a7
https://conda.anaconda.org/conda-forge/noarch/importlib_metadata-3.1.1-hd8ed1ab_0.tar.bz2#a884b1bcaa2d48a6bc299dcba787db7a
https://conda.anaconda.org/conda-forge/linux-64/jupyter_core-4.7.0-py38h578d9bd_0.tar.bz2#aa83f54189c3289055f7811fbabc2d12
https://conda.anaconda.org/conda-forge/linux-64/numpy-stl-2.13.0-py38h0b5ebd8_0.tar.bz2#2fde8fd1c83370876ffc00dbdaa8da1b
https://conda.anaconda.org/conda-forge/linux-64/pandas-1.1.5-py38h51da96c_0.tar.bz2#d014370308f212a24634955b862b0a8e
https://conda.anaconda.org/conda-forge/noarch/pyevtk-1.1.2-pyh24bf2e0_0.tar.bz2#b3112438927aac2bdd7123b5cc869f0d
https://conda.anaconda.org/conda-forge/linux-64/pytest-6.1.2-py38h578d9bd_0.tar.bz2#7e5dfd384b048f0cd321d2a778d40322
https://conda.anaconda.org/conda-forge/linux-64/pywavelets-1.1.1-py38h5c078b8_3.tar.bz2#dafeef887e68bd18ec84681747ca0fd5
https://conda.anaconda.org/conda-forge/linux-64/scipy-1.5.3-py38hb2138dd_0.tar.bz2#e0ab8ace182b8d88a43c7e25a3ed092f
https://conda.anaconda.org/conda-forge/linux-64/setuptools-49.6.0-py38h924ce5b_2.tar.bz2#85f49978317e2f963ffd1d0989b16038
https://conda.anaconda.org/conda-forge/linux-64/sympy-1.7-py38h578d9bd_1.tar.bz2#9388a5babbf4ee05c2ab9306a9b7d176
https://conda.anaconda.org/conda-forge/linux-64/terminado-0.9.1-py38h32f6830_1.tar.bz2#f74ca1717f8a752cf1ec0fd0a0131389
https://conda.anaconda.org/conda-forge/noarch/transforms3d-0.3.1-py_0.tar.bz2#6da5577349701747d4241472f18a9e76
https://conda.anaconda.org/conda-forge/noarch/backports.functools_lru_cache-1.6.1-py_0.tar.bz2#d36df15eaef96549ce6231e3088fba54
https://conda.anaconda.org/conda-forge/noarch/bleach-3.2.1-pyh9f0ad1d_0.tar.bz2#d4506316b85679972c0b78d4d1c0b701
https://conda.anaconda.org/conda-forge/linux-64/distributed-2.30.1-py38h578d9bd_0.tar.bz2#b5811d9c030fccd2affdcacd8a317f79
https://conda.anaconda.org/conda-forge/noarch/jinja2-2.11.2-pyh9f0ad1d_0.tar.bz2#e8a5d614d1a27bdba00059ca062a0551
https://conda.anaconda.org/conda-forge/noarch/json_tricks-3.15.5-pyhd8ed1ab_0.tar.bz2#92ea408376b5a0b274b5ab636967297a
https://conda.anaconda.org/conda-forge/noarch/jsonschema-3.2.0-py_2.tar.bz2#a17aa962de6145d08e1008cb37c20161
https://conda.anaconda.org/conda-forge/noarch/jupyter_client-6.1.7-py_0.tar.bz2#bcaa486602c05413da0808b82898f60a
https://conda.anaconda.org/conda-forge/linux-64/matplotlib-base-3.3.3-py38h5c7f4ab_0.tar.bz2#2041c4d00e72e7f9853db6ff0a5239ec
https://conda.anaconda.org/conda-forge/noarch/networkx-2.5-py_0.tar.bz2#d836ad8453c22192357707026ca21653
https://conda.anaconda.org/conda-forge/linux-64/numba-0.52.0-py38h51da96c_0.tar.bz2#36d352f73b5ffbfe96c41aaab6ea1426
https://conda.anaconda.org/conda-forge/noarch/pardiso4py-0.2.2-pyh9f0ad1d_0.tar.bz2#0ff32b5ac66a4481f4ac240be5afc493
https://conda.anaconda.org/conda-forge/noarch/pip-20.3.1-pyhd8ed1ab_0.tar.bz2#bd6aa73eed4afc399688200778a609f6
https://conda.anaconda.org/conda-forge/linux-64/pyamg-4.0.0-py38hf6732f7_1003.tar.bz2#44e00bf7a4b6a564e9313181aaea2615
https://conda.anaconda.org/conda-forge/noarch/pygments-2.7.3-pyhd8ed1ab_0.tar.bz2#d963eb6df37d0a32fd2c12eeae3f5cf9
https://conda.anaconda.org/conda-forge/noarch/pyopenssl-20.0.0-pyhd8ed1ab_0.tar.bz2#8fda1084aa3edad26a03e85617bb109f
https://conda.anaconda.org/conda-forge/noarch/pytest-cache-1.0-py_2.tar.bz2#127d734543b5c04b1429dd402123308f
https://conda.anaconda.org/conda-forge/noarch/pytest-codestyle-2.0.1-py_0.tar.bz2#74135a4626e6c4bed80955c0adc4d8be
https://conda.anaconda.org/conda-forge/noarch/pytest-cov-2.10.1-pyh9f0ad1d_0.tar.bz2#0d83b4ea58595e9f685c51ba31f63116
https://conda.anaconda.org/conda-forge/linux-64/qt-5.12.9-h1f2b2cb_0.tar.bz2#a372e7a1081e8f65df5177b709edec89
https://conda.anaconda.org/conda-forge/noarch/tifffile-2020.12.8-pyhd8ed1ab_0.tar.bz2#985c2d8fce8fcaa33e868ff5e7ceb48f
https://conda.anaconda.org/conda-forge/noarch/unyt-2.8.0-py_0.tar.bz2#c1f3539c56b2eee9af776eb4c4a52b60
https://conda.anaconda.org/conda-forge/linux-64/zope.interface-5.2.0-py38h25fe258_0.tar.bz2#475f31b03c9bba2484d521f246acd2a3
https://conda.anaconda.org/conda-forge/linux-64/bcrypt-3.2.0-py38h1e0a361_1.tar.bz2#46ff34d0e0805fd2ec57598b6157327c
https://conda.anaconda.org/conda-forge/linux-64/bokeh-2.2.3-py38h578d9bd_0.tar.bz2#53acd76e57c900918afe81910f471167
https://conda.anaconda.org/conda-forge/noarch/jupyterlab_pygments-0.1.2-pyh9f0ad1d_0.tar.bz2#2cbd910890bb328e8959246a1e16fac7
https://conda.anaconda.org/conda-forge/noarch/nbformat-5.0.8-py_0.tar.bz2#12aaf0d8795a5c375757b49a08e011a2
https://conda.anaconda.org/conda-forge/linux-64/pyqt-impl-5.12.3-py38h7400c14_6.tar.bz2#7731e5533c786dd35c05e99f5d92c5a7
https://conda.anaconda.org/conda-forge/linux-64/scikit-image-0.17.2-py38h51da96c_4.tar.bz2#28c4965d347db227a8c3f2e0f2923578
https://conda.anaconda.org/conda-forge/noarch/service_identity-18.1.0-py_0.tar.bz2#bea53ad2212fa8f270c427bd40ce1fbd
https://conda.anaconda.org/conda-forge/noarch/urllib3-1.25.11-py_0.tar.bz2#4ce0599839b2b4418befe201e5f072fc
https://conda.anaconda.org/conda-forge/noarch/wcwidth-0.2.5-pyh9f0ad1d_2.tar.bz2#5266fcd697043c59621fda522b3d78ee
https://conda.anaconda.org/conda-forge/noarch/dask-2.30.0-py_0.tar.bz2#4c8b8bec2dfac1beec0159c1979d6666
https://conda.anaconda.org/conda-forge/noarch/nbclient-0.5.1-py_0.tar.bz2#4efba375c50e6668cb5778e36d1f3a7e
https://conda.anaconda.org/conda-forge/noarch/openpnm-2.6.1-pyhd3deb0d_0.tar.bz2#98fadfce811b17549b89e35a2596a6a7
https://conda.anaconda.org/conda-forge/noarch/prompt-toolkit-3.0.8-pyha770c72_0.tar.bz2#e4df54860ae814be2dba503c97748173
https://conda.anaconda.org/conda-forge/linux-64/pyqtchart-5.12-py38h7400c14_6.tar.bz2#2b1a899e423151248be7ef18575d147d
https://conda.anaconda.org/conda-forge/linux-64/pyqtwebengine-5.12.1-py38h7400c14_6.tar.bz2#899b771aa4c9cd7d12fe1333389a64ff
https://conda.anaconda.org/conda-forge/noarch/requests-2.25.0-pyhd3deb0d_0.tar.bz2#5b983af1f3dcd93ef20f6067d077f6fe
https://conda.anaconda.org/conda-forge/linux-64/twisted-20.3.0-py38h1e0a361_1.tar.bz2#f83ca7c671a42515bf6134342ecd2013
https://conda.anaconda.org/conda-forge/noarch/codecov-2.1.10-pyh9f0ad1d_0.tar.bz2#b9bed92b569ffba92ea796af102851dc
https://conda.anaconda.org/conda-forge/linux-64/ipython-7.19.0-py38h81c977d_0.tar.bz2#8205f1cc705120cc75eb3a7f21f9c9af
https://conda.anaconda.org/conda-forge/linux-64/nbconvert-6.0.7-py38h578d9bd_3.tar.bz2#7d0922152b769b5489407f90e84562a6
https://conda.anaconda.org/conda-forge/linux-64/paraview-5.8.1-py38hed66247_4.tar.bz2#598c9b38bac597167dc625eab7e81447
https://conda.anaconda.org/conda-forge/noarch/prompt_toolkit-3.0.8-hd8ed1ab_0.tar.bz2#adbf1430c1b3c59d7d8154fd71fc5fec
https://conda.anaconda.org/conda-forge/linux-64/pyqt-5.12.3-py38h578d9bd_6.tar.bz2#38d2f345f03d971dac6dbb8557fbe71b
https://conda.anaconda.org/conda-forge/linux-64/ipykernel-5.3.4-py38h81c977d_1.tar.bz2#b26f69b2c0240554def6686c42bacee0
https://conda.anaconda.org/conda-forge/linux-64/matplotlib-3.3.3-py38h578d9bd_0.tar.bz2#46729fce0d2f3badca366da03a1834d8
https://conda.anaconda.org/conda-forge/noarch/jupyter_console-6.2.0-py_0.tar.bz2#cb063fba0917fab041217d5a4a3adca0
https://conda.anaconda.org/conda-forge/noarch/nbval-0.9.6-pyh9f0ad1d_0.tar.bz2#b627e05284e7affc46b6e4878aa1d96b
https://conda.anaconda.org/conda-forge/linux-64/notebook-6.1.5-py38h578d9bd_0.tar.bz2#5577bcd250d44a427578f97400374922
https://conda.anaconda.org/conda-forge/noarch/qtconsole-5.0.1-pyhd8ed1ab_0.tar.bz2#8c5f05626faea7f30c9acb057e2a8859
https://conda.anaconda.org/conda-forge/linux-64/widgetsnbextension-3.5.1-py38h578d9bd_4.tar.bz2#beb8a105545382ba138c81c926289b5b
https://conda.anaconda.org/conda-forge/noarch/ipywidgets-7.5.1-pyh9f0ad1d_1.tar.bz2#a7211644e1cf6a262c675635a78181f4
https://conda.anaconda.org/conda-forge/noarch/jupyter-1.0.0-py_2.tar.bz2#46b26993ed7c689863313a03ee39e5e3
